// !$*UTF8*$!
{
	archiveVersion = 1;
	classes = {
	};
	objectVersion = 77;
	objects = {

/* Begin PBXBuildFile section */
		DC92F04E2F6174E200D2F445 /* PacketTunnelExtension.appex in Embed Foundation Extensions */ = {isa = PBXBuildFile; fileRef = DC92F0422F6174E100D2F445 /* PacketTunnelExtension.appex */; settings = {ATTRIBUTES = (RemoveHeadersOnCopy, ); }; };
		DCABF3932F4C6BBA000FDF4E /* SafeMeshApp.swift in Sources */ = {isa = PBXBuildFile; fileRef = DCABF3922F4C6BBA000FDF4E /* SafeMeshApp.swift */; };
		DCABF3952F4C6BBA000FDF4E /* ContentView.swift in Sources */ = {isa = PBXBuildFile; fileRef = DCABF3942F4C6BBA000FDF4E /* ContentView.swift */; };
		DCABF3DD2F4C6BE3000FDF4E /* ConnectionStatusView.swift in Sources */ = {isa = PBXBuildFile; fileRef = DCABF3C82F4C6BE3000FDF4E /* ConnectionStatusView.swift */; };
		DCABF3DE2F4C6BE3000FDF4E /* AlertView.swift in Sources */ = {isa = PBXBuildFile; fileRef = DCABF39F2F4C6BE3000FDF4E /* AlertView.swift */; };
		DCABF3DF2F4C6BE3000FDF4E /* Usage.swift in Sources */ = {isa = PBXBuildFile; fileRef = DCABF3AA2F4C6BE3000FDF4E /* Usage.swift */; };
		DCABF3E02F4C6BE3000FDF4E /* SubscriptionViewModel.swift in Sources */ = {isa = PBXBuildFile; fileRef = DCABF3D72F4C6BE3000FDF4E /* SubscriptionViewModel.swift */; };
		DCABF3E12F4C6BE3000FDF4E /* SettingsView.swift in Sources */ = {isa = PBXBuildFile; fileRef = DCABF3D02F4C6BE3000FDF4E /* SettingsView.swift */; };
		DCABF3E22F4C6BE3000FDF4E /* AuthViewModel.swift in Sources */ = {isa = PBXBuildFile; fileRef = DCABF3D32F4C6BE3000FDF4E /* AuthViewModel.swift */; };
		DCABF3E32F4C6BE3000FDF4E /* LoginView.swift in Sources */ = {isa = PBXBuildFile; fileRef = DCABF3CA2F4C6BE3000FDF4E /* LoginView.swift */; };
		DCABF3E42F4C6BE3000FDF4E /* ServerCard.swift in Sources */ = {isa = PBXBuildFile; fileRef = DCABF3A42F4C6BE3000FDF4E /* ServerCard.swift */; };
		DCABF3E52F4C6BE3000FDF4E /* OnboardingView.swift in Sources */ = {isa = PBXBuildFile; fileRef = DCABF3CC2F4C6BE3000FDF4E /* OnboardingView.swift */; };
		DCABF3E62F4C6BE3000FDF4E /* SubscriptionView.swift in Sources */ = {isa = PBXBuildFile; fileRef = DCABF3D12F4C6BE3000FDF4E /* SubscriptionView.swift */; };
		DCABF3E72F4C6BE3000FDF4E /* Configuration.swift in Sources */ = {isa = PBXBuildFile; fileRef = DCABF3A82F4C6BE3000FDF4E /* Configuration.swift */; };
		DCABF3E82F4C6BE3000FDF4E /* VPNStatus.swift in Sources */ = {isa = PBXBuildFile; fileRef = DCABF3AD2F4C6BE3000FDF4E /* VPNStatus.swift */; };
		DCABF3E92F4C6BE3000FDF4E /* VPNServer.swift in Sources */ = {isa = PBXBuildFile; fileRef = DCABF3AC2F4C6BE3000FDF4E /* VPNServer.swift */; };
		DCABF3EA2F4C6BE3000FDF4E /* StatusObserver.swift in Sources */ = {isa = PBXBuildFile; fileRef = DCABF3BE2F4C6BE3000FDF4E /* StatusObserver.swift */; };
		DCABF3EC2F4C6BE3000FDF4E /* Formatter.swift in Sources */ = {isa = PBXBuildFile; fileRef = DCABF3C42F4C6BE3000FDF4E /* Formatter.swift */; };
		DCABF3ED2F4C6BE3000FDF4E /* Validator.swift in Sources */ = {isa = PBXBuildFile; fileRef = DCABF3C62F4C6BE3000FDF4E /* Validator.swift */; };
		DCABF3EF2F4C6BE3000FDF4E /* MainTabView.swift in Sources */ = {isa = PBXBuildFile; fileRef = DCABF3CB2F4C6BE3000FDF4E /* MainTabView.swift */; };
		DCABF3F02F4C6BE3000FDF4E /* LoadingView.swift in Sources */ = {isa = PBXBuildFile; fileRef = DCABF3A22F4C6BE3000FDF4E /* LoadingView.swift */; };
		DCABF3F12F4C6BE3000FDF4E /* SecureStorage.swift in Sources */ = {isa = PBXBuildFile; fileRef = DCABF3BD2F4C6BE3000FDF4E /* SecureStorage.swift */; };
		DCABF3F22F4C6BE3000FDF4E /* ConfigManager.swift in Sources */ = {isa = PBXBuildFile; fileRef = DCABF3B92F4C6BE3000FDF4E /* ConfigManager.swift */; };
		DCABF3F42F4C6BE3000FDF4E /* Theme.swift in Sources */ = {isa = PBXBuildFile; fileRef = DCABF3C52F4C6BE3000FDF4E /* Theme.swift */; };
		DCABF3F52F4C6BE3000FDF4E /* Constants.swift in Sources */ = {isa = PBXBuildFile; fileRef = DCABF3C22F4C6BE3000FDF4E /* Constants.swift */; };
		DCABF3F62F4C6BE3000FDF4E /* TunnelConfiguration.swift in Sources */ = {isa = PBXBuildFile; fileRef = DCABF3B42F4C6BE3000FDF4E /* TunnelConfiguration.swift */; };
		DCABF3F72F4C6BE3000FDF4E /* SettingsViewModel.swift in Sources */ = {isa = PBXBuildFile; fileRef = DCABF3D62F4C6BE3000FDF4E /* SettingsViewModel.swift */; };
		DCABF3F82F4C6BE3000FDF4E /* ProfileViewModel.swift in Sources */ = {isa = PBXBuildFile; fileRef = DCABF3D42F4C6BE3000FDF4E /* ProfileViewModel.swift */; };
		DCABF3F92F4C6BE3000FDF4E /* APIClient.swift in Sources */ = {isa = PBXBuildFile; fileRef = DCABF3B82F4C6BE3000FDF4E /* APIClient.swift */; };
		DCABF3FA2F4C6BE3000FDF4E /* User.swift in Sources */ = {isa = PBXBuildFile; fileRef = DCABF3AB2F4C6BE3000FDF4E /* User.swift */; };
		DCABF3FB2F4C6BE3000FDF4E /* IPCManager.swift in Sources */ = {isa = PBXBuildFile; fileRef = DCABF3BA2F4C6BE3000FDF4E /* IPCManager.swift */; };
		DCABF3FC2F4C6BE3000FDF4E /* KeyManager.swift in Sources */ = {isa = PBXBuildFile; fileRef = DCABF3BB2F4C6BE3000FDF4E /* KeyManager.swift */; };
		DCABF3FD2F4C6BE3000FDF4E /* PingIndicator.swift in Sources */ = {isa = PBXBuildFile; fileRef = DCABF3A32F4C6BE3000FDF4E /* PingIndicator.swift */; };
		DCABF3FE2F4C6BE3000FDF4E /* ProfileView.swift in Sources */ = {isa = PBXBuildFile; fileRef = DCABF3CD2F4C6BE3000FDF4E /* ProfileView.swift */; };
		DCABF3FF2F4C6BE3000FDF4E /* ConnectionButton.swift in Sources */ = {isa = PBXBuildFile; fileRef = DCABF3A02F4C6BE3000FDF4E /* ConnectionButton.swift */; };
		DCABF4002F4C6BE3000FDF4E /* VPNViewModel.swift in Sources */ = {isa = PBXBuildFile; fileRef = DCABF3D82F4C6BE3000FDF4E /* VPNViewModel.swift */; };
		DCABF4012F4C6BE3000FDF4E /* HomeView.swift in Sources */ = {isa = PBXBuildFile; fileRef = DCABF3C92F4C6BE3000FDF4E /* HomeView.swift */; };
		DCABF4022F4C6BE3000FDF4E /* Logger.swift in Sources */ = {isa = PBXBuildFile; fileRef = DCABF3BC2F4C6BE3000FDF4E /* Logger.swift */; };
		DCABF4032F4C6BE3000FDF4E /* ServerDetailView.swift in Sources */ = {isa = PBXBuildFile; fileRef = DCABF3CE2F4C6BE3000FDF4E /* ServerDetailView.swift */; };
		DCABF4042F4C6BE3000FDF4E /* StatusIndicator.swift in Sources */ = {isa = PBXBuildFile; fileRef = DCABF3A52F4C6BE3000FDF4E /* StatusIndicator.swift */; };
		DCABF4052F4C6BE3000FDF4E /* VPNManager.swift in Sources */ = {isa = PBXBuildFile; fileRef = DCABF3BF2F4C6BE3000FDF4E /* VPNManager.swift */; };
		DCABF4062F4C6BE3000FDF4E /* ServerListView.swift in Sources */ = {isa = PBXBuildFile; fileRef = DCABF3CF2F4C6BE3000FDF4E /* ServerListView.swift */; };
		DCABF4072F4C6BE3000FDF4E /* Subscription.swift in Sources */ = {isa = PBXBuildFile; fileRef = DCABF3A92F4C6BE3000FDF4E /* Subscription.swift */; };
		DCABF4092F4C6BE3000FDF4E /* ServerViewModel.swift in Sources */ = {isa = PBXBuildFile; fileRef = DCABF3D52F4C6BE3000FDF4E /* ServerViewModel.swift */; };
		DCABF40A2F4C6BE3000FDF4E /* Extensions.swift in Sources */ = {isa = PBXBuildFile; fileRef = DCABF3C32F4C6BE3000FDF4E /* Extensions.swift */; };
		DCABF40B2F4C6BE3000FDF4E /* APIServer.swift in Sources */ = {isa = PBXBuildFile; fileRef = DCABF3A72F4C6BE3000FDF4E /* APIServer.swift */; };
		DCABF40C2F4C6BE3000FDF4E /* CountryFlag.swift in Sources */ = {isa = PBXBuildFile; fileRef = DCABF3A12F4C6BE3000FDF4E /* CountryFlag.swift */; };
		DCACB1C82F65C100009C5667 /* WireGuardKit in Frameworks */ = {isa = PBXBuildFile; productRef = DCACB1C72F65C000009C5667 /* WireGuardKit */; };
/* End PBXBuildFile section */

/* Begin PBXContainerItemProxy section */
		DCAE07A32F63A4EB00121298 /* PBXContainerItemProxy */ = {
			isa = PBXContainerItemProxy;
			containerPortal = DCABF3872F4C6BBA000FDF4E /* Project object */;
			proxyType = 1;
			remoteGlobalIDString = DCAE079F2F63A48300121298;
			remoteInfo = WireGuardGoBridge;
		};
/* End PBXContainerItemProxy section */

/* Begin PBXCopyFilesBuildPhase section */
		DC92F04D2F6174E200D2F445 /* Embed Foundation Extensions */ = {
			isa = PBXCopyFilesBuildPhase;
			buildActionMask = 2147483647;
			dstPath = "";
			dstSubfolderSpec = 13;
			files = (
				DC92F04E2F6174E200D2F445 /* PacketTunnelExtension.appex in Embed Foundation Extensions */,
			);
			name = "Embed Foundation Extensions";
			runOnlyForDeploymentPostprocessing = 0;
		};
/* End PBXCopyFilesBuildPhase section */

/* Begin PBXFileReference section */
		DC92F0232F61725000D2F445 /* 001_initial_schema.sql */ = {isa = PBXFileReference; lastKnownFileType = text; path = 001_initial_schema.sql; sourceTree = "<group>"; };
		DC92F0242F61725000D2F445 /* 002_seed_servers.sql */ = {isa = PBXFileReference; lastKnownFileType = text; path = 002_seed_servers.sql; sourceTree = "<group>"; };
		DC92F0272F61725A00D2F445 /* ci-cd.yml */ = {isa = PBXFileReference; lastKnownFileType = text.yaml; path = "ci-cd.yml"; sourceTree = "<group>"; };
		DC92F0292F61725A00D2F445 /* docker-compose.yml */ = {isa = PBXFileReference; lastKnownFileType = text.yaml; path = "docker-compose.yml"; sourceTree = "<group>"; };
		DC92F02A2F61725A00D2F445 /* Dockerfile */ = {isa = PBXFileReference; lastKnownFileType = text; path = Dockerfile; sourceTree = "<group>"; };
		DC92F02C2F61725A00D2F445 /* deployment.yaml */ = {isa = PBXFileReference; lastKnownFileType = text.yaml; path = deployment.yaml; sourceTree = "<group>"; };
		DC92F02E2F61725A00D2F445 /* grafana-dashboard.json */ = {isa = PBXFileReference; lastKnownFileType = text.json; path = "grafana-dashboard.json"; sourceTree = "<group>"; };
		DC92F02F2F61725A00D2F445 /* prometheus.yml */ = {isa = PBXFileReference; lastKnownFileType = text.yaml; path = prometheus.yml; sourceTree = "<group>"; };
		DC92F0312F61725A00D2F445 /* nginx.conf */ = {isa = PBXFileReference; lastKnownFileType = text; path = nginx.conf; sourceTree = "<group>"; };
		DC92F0332F61725A00D2F445 /* main.tf */ = {isa = PBXFileReference; lastKnownFileType = text; path = main.tf; sourceTree = "<group>"; };
		DC92F0362F61726700D2F445 /* build_wireguard_go_bridge.sh */ = {isa = PBXFileReference; lastKnownFileType = text.script.sh; path = build_wireguard_go_bridge.sh; sourceTree = "<group>"; };
		DC92F0422F6174E100D2F445 /* PacketTunnelExtension.appex */ = {isa = PBXFileReference; explicitFileType = "wrapper.app-extension"; includeInIndex = 0; path = PacketTunnelExtension.appex; sourceTree = BUILT_PRODUCTS_DIR; };
		DCABF3922F4C6BBA000FDF4E /* SafeMeshApp.swift */ = {isa = PBXFileReference; lastKnownFileType = sourcecode.swift; path = SafeMeshApp.swift; sourceTree = "<group>"; };
		DCABF3942F4C6BBA000FDF4E /* ContentView.swift */ = {isa = PBXFileReference; lastKnownFileType = sourcecode.swift; path = ContentView.swift; sourceTree = "<group>"; };
		DCABF3962F4C6BBB000FDF4E /* Assets.xcassets */ = {isa = PBXFileReference; lastKnownFileType = folder.assetcatalog; path = Assets.xcassets; sourceTree = "<group>"; };
		DCABF39F2F4C6BE3000FDF4E /* AlertView.swift */ = {isa = PBXFileReference; lastKnownFileType = sourcecode.swift; path = AlertView.swift; sourceTree = "<group>"; };
		DCABF3A02F4C6BE3000FDF4E /* ConnectionButton.swift */ = {isa = PBXFileReference; lastKnownFileType = sourcecode.swift; path = ConnectionButton.swift; sourceTree = "<group>"; };
		DCABF3A12F4C6BE3000FDF4E /* CountryFlag.swift */ = {isa = PBXFileReference; lastKnownFileType = sourcecode.swift; path = CountryFlag.swift; sourceTree = "<group>"; };
		DCABF3A22F4C6BE3000FDF4E /* LoadingView.swift */ = {isa = PBXFileReference; lastKnownFileType = sourcecode.swift; path = LoadingView.swift; sourceTree = "<group>"; };
		DCABF3A32F4C6BE3000FDF4E /* PingIndicator.swift */ = {isa = PBXFileReference; lastKnownFileType = sourcecode.swift; path = PingIndicator.swift; sourceTree = "<group>"; };
		DCABF3A42F4C6BE3000FDF4E /* ServerCard.swift */ = {isa = PBXFileReference; lastKnownFileType = sourcecode.swift; path = ServerCard.swift; sourceTree = "<group>"; };
		DCABF3A52F4C6BE3000FDF4E /* StatusIndicator.swift */ = {isa = PBXFileReference; lastKnownFileType = sourcecode.swift; path = StatusIndicator.swift; sourceTree = "<group>"; };
		DCABF3A72F4C6BE3000FDF4E /* APIServer.swift */ = {isa = PBXFileReference; lastKnownFileType = sourcecode.swift; path = APIServer.swift; sourceTree = "<group>"; };
		DCABF3A82F4C6BE3000FDF4E /* Configuration.swift */ = {isa = PBXFileReference; lastKnownFileType = sourcecode.swift; path = Configuration.swift; sourceTree = "<group>"; };
		DCABF3A92F4C6BE3000FDF4E /* Subscription.swift */ = {isa = PBXFileReference; lastKnownFileType = sourcecode.swift; path = Subscription.swift; sourceTree = "<group>"; };
		DCABF3AA2F4C6BE3000FDF4E /* Usage.swift */ = {isa = PBXFileReference; lastKnownFileType = sourcecode.swift; path = Usage.swift; sourceTree = "<group>"; };
		DCABF3AB2F4C6BE3000FDF4E /* User.swift */ = {isa = PBXFileReference; lastKnownFileType = sourcecode.swift; path = User.swift; sourceTree = "<group>"; };
		DCABF3AC2F4C6BE3000FDF4E /* VPNServer.swift */ = {isa = PBXFileReference; lastKnownFileType = sourcecode.swift; path = VPNServer.swift; sourceTree = "<group>"; };
		DCABF3AD2F4C6BE3000FDF4E /* VPNStatus.swift */ = {isa = PBXFileReference; lastKnownFileType = sourcecode.swift; path = VPNStatus.swift; sourceTree = "<group>"; };
		DCABF3AF2F4C6BE3000FDF4E /* Asset.xcassets */ = {isa = PBXFileReference; lastKnownFileType = text; path = Asset.xcassets; sourceTree = "<group>"; };
		DCABF3B22F4C6BE3000FDF4E /* PacketTunnel.entitlements */ = {isa = PBXFileReference; lastKnownFileType = text.plist.entitlements; path = PacketTunnel.entitlements; sourceTree = "<group>"; };
		DCABF3B32F4C6BE3000FDF4E /* PacketTunnelProvider.swift */ = {isa = PBXFileReference; lastKnownFileType = sourcecode.swift; path = PacketTunnelProvider.swift; sourceTree = "<group>"; };
		DCABF3B42F4C6BE3000FDF4E /* TunnelConfiguration.swift */ = {isa = PBXFileReference; lastKnownFileType = sourcecode.swift; path = TunnelConfiguration.swift; sourceTree = "<group>"; };
		DCABF3B82F4C6BE3000FDF4E /* APIClient.swift */ = {isa = PBXFileReference; lastKnownFileType = sourcecode.swift; path = APIClient.swift; sourceTree = "<group>"; };
		DCABF3B92F4C6BE3000FDF4E /* ConfigManager.swift */ = {isa = PBXFileReference; lastKnownFileType = sourcecode.swift; path = ConfigManager.swift; sourceTree = "<group>"; };
		DCABF3BA2F4C6BE3000FDF4E /* IPCManager.swift */ = {isa = PBXFileReference; lastKnownFileType = sourcecode.swift; path = IPCManager.swift; sourceTree = "<group>"; };
		DCABF3BB2F4C6BE3000FDF4E /* KeyManager.swift */ = {isa = PBXFileReference; lastKnownFileType = sourcecode.swift; path = KeyManager.swift; sourceTree = "<group>"; };
		DCABF3BC2F4C6BE3000FDF4E /* Logger.swift */ = {isa = PBXFileReference; lastKnownFileType = sourcecode.swift; path = Logger.swift; sourceTree = "<group>"; };
		DCABF3BD2F4C6BE3000FDF4E /* SecureStorage.swift */ = {isa = PBXFileReference; lastKnownFileType = sourcecode.swift; path = SecureStorage.swift; sourceTree = "<group>"; };
		DCABF3BE2F4C6BE3000FDF4E /* StatusObserver.swift */ = {isa = PBXFileReference; lastKnownFileType = sourcecode.swift; path = StatusObserver.swift; sourceTree = "<group>"; };
		DCABF3BF2F4C6BE3000FDF4E /* VPNManager.swift */ = {isa = PBXFileReference; lastKnownFileType = sourcecode.swift; path = VPNManager.swift; sourceTree = "<group>"; };
		DCABF3C22F4C6BE3000FDF4E /* Constants.swift */ = {isa = PBXFileReference; lastKnownFileType = sourcecode.swift; path = Constants.swift; sourceTree = "<group>"; };
		DCABF3C32F4C6BE3000FDF4E /* Extensions.swift */ = {isa = PBXFileReference; lastKnownFileType = sourcecode.swift; path = Extensions.swift; sourceTree = "<group>"; };
		DCABF3C42F4C6BE3000FDF4E /* Formatter.swift */ = {isa = PBXFileReference; lastKnownFileType = sourcecode.swift; path = Formatter.swift; sourceTree = "<group>"; };
		DCABF3C52F4C6BE3000FDF4E /* Theme.swift */ = {isa = PBXFileReference; lastKnownFileType = sourcecode.swift; path = Theme.swift; sourceTree = "<group>"; };
		DCABF3C62F4C6BE3000FDF4E /* Validator.swift */ = {isa = PBXFileReference; lastKnownFileType = sourcecode.swift; path = Validator.swift; sourceTree = "<group>"; };
		DCABF3C82F4C6BE3000FDF4E /* ConnectionStatusView.swift */ = {isa = PBXFileReference; lastKnownFileType = sourcecode.swift; path = ConnectionStatusView.swift; sourceTree = "<group>"; };
		DCABF3C92F4C6BE3000FDF4E /* HomeView.swift */ = {isa = PBXFileReference; lastKnownFileType = sourcecode.swift; path = HomeView.swift; sourceTree = "<group>"; };
		DCABF3CA2F4C6BE3000FDF4E /* LoginView.swift */ = {isa = PBXFileReference; lastKnownFileType = sourcecode.swift; path = LoginView.swift; sourceTree = "<group>"; };
		DCABF3CB2F4C6BE3000FDF4E /* MainTabView.swift */ = {isa = PBXFileReference; lastKnownFileType = sourcecode.swift; path = MainTabView.swift; sourceTree = "<group>"; };
		DCABF3CC2F4C6BE3000FDF4E /* OnboardingView.swift */ = {isa = PBXFileReference; lastKnownFileType = sourcecode.swift; path = OnboardingView.swift; sourceTree = "<group>"; };
		DCABF3CD2F4C6BE3000FDF4E /* ProfileView.swift */ = {isa = PBXFileReference; lastKnownFileType = sourcecode.swift; path = ProfileView.swift; sourceTree = "<group>"; };
		DCABF3CE2F4C6BE3000FDF4E /* ServerDetailView.swift */ = {isa = PBXFileReference; lastKnownFileType = sourcecode.swift; path = ServerDetailView.swift; sourceTree = "<group>"; };
		DCABF3CF2F4C6BE3000FDF4E /* ServerListView.swift */ = {isa = PBXFileReference; lastKnownFileType = sourcecode.swift; path = ServerListView.swift; sourceTree = "<group>"; };
		DCABF3D02F4C6BE3000FDF4E /* SettingsView.swift */ = {isa = PBXFileReference; lastKnownFileType = sourcecode.swift; path = SettingsView.swift; sourceTree = "<group>"; };
		DCABF3D12F4C6BE3000FDF4E /* SubscriptionView.swift */ = {isa = PBXFileReference; lastKnownFileType = sourcecode.swift; path = SubscriptionView.swift; sourceTree = "<group>"; };
		DCABF3D32F4C6BE3000FDF4E /* AuthViewModel.swift */ = {isa = PBXFileReference; lastKnownFileType = sourcecode.swift; path = AuthViewModel.swift; sourceTree = "<group>"; };
		DCABF3D42F4C6BE3000FDF4E /* ProfileViewModel.swift */ = {isa = PBXFileReference; lastKnownFileType = sourcecode.swift; path = ProfileViewModel.swift; sourceTree = "<group>"; };
		DCABF3D52F4C6BE3000FDF4E /* ServerViewModel.swift */ = {isa = PBXFileReference; lastKnownFileType = sourcecode.swift; path = ServerViewModel.swift; sourceTree = "<group>"; };
		DCABF3D62F4C6BE3000FDF4E /* SettingsViewModel.swift */ = {isa = PBXFileReference; lastKnownFileType = sourcecode.swift; path = SettingsViewModel.swift; sourceTree = "<group>"; };
		DCABF3D72F4C6BE3000FDF4E /* SubscriptionViewModel.swift */ = {isa = PBXFileReference; lastKnownFileType = sourcecode.swift; path = SubscriptionViewModel.swift; sourceTree = "<group>"; };
		DCABF3D82F4C6BE3000FDF4E /* VPNViewModel.swift */ = {isa = PBXFileReference; lastKnownFileType = sourcecode.swift; path = VPNViewModel.swift; sourceTree = "<group>"; };
		DCACB1C52F65BFDF009C5667 /* WireGuardKit */ = {isa = PBXFileReference; lastKnownFileType = wrapper; path = WireGuardKit; sourceTree = "<group>"; };
		DCAE07972F63A1E500121298 /* SafeMesh.app */ = {isa = PBXFileReference; explicitFileType = wrapper.application; includeInIndex = 0; path = SafeMesh.app; sourceTree = BUILT_PRODUCTS_DIR; };
		DCAE07A52F63A55300121298 /* SafeMesh.entitlements */ = {isa = PBXFileReference; lastKnownFileType = text.plist.entitlements; path = SafeMesh.entitlements; sourceTree = "<group>"; };
/* End PBXFileReference section */

/* Begin PBXFileSystemSynchronizedBuildFileExceptionSet section */
		DC92F04F2F6174E200D2F445 /* Exceptions for "PacketTunnelExtension" folder in "PacketTunnelExtension" target */ = {
			isa = PBXFileSystemSynchronizedBuildFileExceptionSet;
			membershipExceptions = (
				Info.plist,
			);
			target = DC92F0412F6174E100D2F445 /* PacketTunnelExtension */;
		};
/* End PBXFileSystemSynchronizedBuildFileExceptionSet section */

/* Begin PBXFileSystemSynchronizedRootGroup section */
		DC92F0462F6174E100D2F445 /* PacketTunnelExtension */ = {
			isa = PBXFileSystemSynchronizedRootGroup;
			exceptions = (
				DC92F04F2F6174E200D2F445 /* Exceptions for "PacketTunnelExtension" folder in "PacketTunnelExtension" target */,
			);
			path = PacketTunnelExtension;
			sourceTree = "<group>";
		};
/* End PBXFileSystemSynchronizedRootGroup section */

/* Begin PBXFrameworksBuildPhase section */
		DC92F03F2F6174E100D2F445 /* Frameworks */ = {
			isa = PBXFrameworksBuildPhase;
			buildActionMask = 2147483647;
			files = (
				DCACB1C82F65C100009C5667 /* WireGuardKit in Frameworks */,
			);
			runOnlyForDeploymentPostprocessing = 0;
		};
		DCABF38C2F4C6BBA000FDF4E /* Frameworks */ = {
			isa = PBXFrameworksBuildPhase;
			buildActionMask = 2147483647;
			files = (
			);
			runOnlyForDeploymentPostprocessing = 0;
		};
/* End PBXFrameworksBuildPhase section */

/* Begin PBXGroup section */
		DC92F0252F61725000D2F445 /* migrations */ = {
			isa = PBXGroup;
			children = (
				DC92F0232F61725000D2F445 /* 001_initial_schema.sql */,
				DC92F0242F61725000D2F445 /* 002_seed_servers.sql */,
			);
			path = migrations;
			sourceTree = "<group>";
		};
		DC92F0262F61725000D2F445 /* Database */ = {
			isa = PBXGroup;
			children = (
				DC92F0252F61725000D2F445 /* migrations */,
			);
			path = Database;
			sourceTree = "<group>";
		};
		DC92F0282F61725A00D2F445 /* CI-CD */ = {
			isa = PBXGroup;
			children = (
				DC92F0272F61725A00D2F445 /* ci-cd.yml */,
			);
			path = "CI-CD";
			sourceTree = "<group>";
		};
		DC92F02B2F61725A00D2F445 /* Docker */ = {
			isa = PBXGroup;
			children = (
				DC92F0292F61725A00D2F445 /* docker-compose.yml */,
				DC92F02A2F61725A00D2F445 /* Dockerfile */,
			);
			path = Docker;
			sourceTree = "<group>";
		};
		DC92F02D2F61725A00D2F445 /* K8s */ = {
			isa = PBXGroup;
			children = (
				DC92F02C2F61725A00D2F445 /* deployment.yaml */,
			);
			path = K8s;
			sourceTree = "<group>";
		};
		DC92F0302F61725A00D2F445 /* Monitoring */ = {
			isa = PBXGroup;
			children = (
				DC92F02E2F61725A00D2F445 /* grafana-dashboard.json */,
				DC92F02F2F61725A00D2F445 /* prometheus.yml */,
			);
			path = Monitoring;
			sourceTree = "<group>";
		};
		DC92F0322F61725A00D2F445 /* nginx */ = {
			isa = PBXGroup;
			children = (
				DC92F0312F61725A00D2F445 /* nginx.conf */,
			);
			path = nginx;
			sourceTree = "<group>";
		};
		DC92F0342F61725A00D2F445 /* Terraform */ = {
			isa = PBXGroup;
			children = (
				DC92F0332F61725A00D2F445 /* main.tf */,
			);
			path = Terraform;
			sourceTree = "<group>";
		};
		DC92F0352F61725A00D2F445 /* Infrastructure */ = {
			isa = PBXGroup;
			children = (
				DC92F0282F61725A00D2F445 /* CI-CD */,
				DC92F02B2F61725A00D2F445 /* Docker */,
				DC92F02D2F61725A00D2F445 /* K8s */,
				DC92F0302F61725A00D2F445 /* Monitoring */,
				DC92F0322F61725A00D2F445 /* nginx */,
				DC92F0342F61725A00D2F445 /* Terraform */,
			);
			path = Infrastructure;
			sourceTree = "<group>";
		};
		DC92F0372F61726700D2F445 /* Scripts */ = {
			isa = PBXGroup;
			children = (
				DC92F0362F61726700D2F445 /* build_wireguard_go_bridge.sh */,
			);
			path = Scripts;
			sourceTree = "<group>";
		};
		DC92F0432F6174E100D2F445 /* Frameworks */ = {
			isa = PBXGroup;
			children = (
			);
			name = Frameworks;
			sourceTree = "<group>";
		};
		DCABF3862F4C6BBA000FDF4E = {
			isa = PBXGroup;
			children = (
				DCACB1C62F65BFDF009C5667 /* LocalPackages */,
				DCAE07A52F63A55300121298 /* SafeMesh.entitlements */,
				DCABF3DC2F4C6BE3000FDF4E /* Frontend */,
				DC92F0262F61725000D2F445 /* Database */,
				DC92F0352F61725A00D2F445 /* Infrastructure */,
				DC92F0372F61726700D2F445 /* Scripts */,
				DC92F0422F6174E100D2F445 /* PacketTunnelExtension.appex */,
				DC92F0462F6174E100D2F445 /* PacketTunnelExtension */,
				DC92F0432F6174E100D2F445 /* Frameworks */,
				DCAE07972F63A1E500121298 /* SafeMesh.app */,
			);
			sourceTree = "<group>";
		};
		DCABF3A62F4C6BE3000FDF4E /* Components */ = {
			isa = PBXGroup;
			children = (
				DCABF39F2F4C6BE3000FDF4E /* AlertView.swift */,
				DCABF3A02F4C6BE3000FDF4E /* ConnectionButton.swift */,
				DCABF3A12F4C6BE3000FDF4E /* CountryFlag.swift */,
				DCABF3A22F4C6BE3000FDF4E /* LoadingView.swift */,
				DCABF3A32F4C6BE3000FDF4E /* PingIndicator.swift */,
				DCABF3A42F4C6BE3000FDF4E /* ServerCard.swift */,
				DCABF3A52F4C6BE3000FDF4E /* StatusIndicator.swift */,
			);
			path = Components;
			sourceTree = "<group>";
		};
		DCABF3AE2F4C6BE3000FDF4E /* Models */ = {
			isa = PBXGroup;
			children = (
				DCABF3A72F4C6BE3000FDF4E /* APIServer.swift */,
				DCABF3A82F4C6BE3000FDF4E /* Configuration.swift */,
				DCABF3A92F4C6BE3000FDF4E /* Subscription.swift */,
				DCABF3AA2F4C6BE3000FDF4E /* Usage.swift */,
				DCABF3AB2F4C6BE3000FDF4E /* User.swift */,
				DCABF3AC2F4C6BE3000FDF4E /* VPNServer.swift */,
				DCABF3AD2F4C6BE3000FDF4E /* VPNStatus.swift */,
			);
			path = Models;
			sourceTree = "<group>";
		};
		DCABF3B62F4C6BE3000FDF4E /* PacketTunnelExtension */ = {
			isa = PBXGroup;
			children = (
				DCABF3AF2F4C6BE3000FDF4E /* Asset.xcassets */,
				DCABF3B22F4C6BE3000FDF4E /* PacketTunnel.entitlements */,
				DCABF3B32F4C6BE3000FDF4E /* PacketTunnelProvider.swift */,
				DCABF3B42F4C6BE3000FDF4E /* TunnelConfiguration.swift */,
			);
			path = PacketTunnelExtension;
			sourceTree = "<group>";
		};
		DCABF3B72F4C6BE3000FDF4E /* Resources */ = {
			isa = PBXGroup;
			children = (
			);
			path = Resources;
			sourceTree = "<group>";
		};
		DCABF3C02F4C6BE3000FDF4E /* Services */ = {
			isa = PBXGroup;
			children = (
				DCABF3B82F4C6BE3000FDF4E /* APIClient.swift */,
				DCABF3B92F4C6BE3000FDF4E /* ConfigManager.swift */,
				DCABF3BA2F4C6BE3000FDF4E /* IPCManager.swift */,
				DCABF3BB2F4C6BE3000FDF4E /* KeyManager.swift */,
				DCABF3BC2F4C6BE3000FDF4E /* Logger.swift */,
				DCABF3BD2F4C6BE3000FDF4E /* SecureStorage.swift */,
				DCABF3BE2F4C6BE3000FDF4E /* StatusObserver.swift */,
				DCABF3BF2F4C6BE3000FDF4E /* VPNManager.swift */,
			);
			path = Services;
			sourceTree = "<group>";
		};
		DCABF3C12F4C6BE3000FDF4E /* Tests */ = {
			isa = PBXGroup;
			children = (
			);
			path = Tests;
			sourceTree = "<group>";
		};
		DCABF3C72F4C6BE3000FDF4E /* Utilities */ = {
			isa = PBXGroup;
			children = (
				DCABF3C22F4C6BE3000FDF4E /* Constants.swift */,
				DCABF3C32F4C6BE3000FDF4E /* Extensions.swift */,
				DCABF3C42F4C6BE3000FDF4E /* Formatter.swift */,
				DCABF3C52F4C6BE3000FDF4E /* Theme.swift */,
				DCABF3C62F4C6BE3000FDF4E /* Validator.swift */,
			);
			path = Utilities;
			sourceTree = "<group>";
		};
		DCABF3D22F4C6BE3000FDF4E /* Views */ = {
			isa = PBXGroup;
			children = (
				DCABF3C82F4C6BE3000FDF4E /* ConnectionStatusView.swift */,
				DCABF3C92F4C6BE3000FDF4E /* HomeView.swift */,
				DCABF3CA2F4C6BE3000FDF4E /* LoginView.swift */,
				DCABF3CB2F4C6BE3000FDF4E /* MainTabView.swift */,
				DCABF3CC2F4C6BE3000FDF4E /* OnboardingView.swift */,
				DCABF3CD2F4C6BE3000FDF4E /* ProfileView.swift */,
				DCABF3CE2F4C6BE3000FDF4E /* ServerDetailView.swift */,
				DCABF3CF2F4C6BE3000FDF4E /* ServerListView.swift */,
				DCABF3D02F4C6BE3000FDF4E /* SettingsView.swift */,
				DCABF3D12F4C6BE3000FDF4E /* SubscriptionView.swift */,
			);
			path = Views;
			sourceTree = "<group>";
		};
		DCABF3D92F4C6BE3000FDF4E /* ViewsModel */ = {
			isa = PBXGroup;
			children = (
				DCABF3D32F4C6BE3000FDF4E /* AuthViewModel.swift */,
				DCABF3D42F4C6BE3000FDF4E /* ProfileViewModel.swift */,
				DCABF3D52F4C6BE3000FDF4E /* ServerViewModel.swift */,
				DCABF3D62F4C6BE3000FDF4E /* SettingsViewModel.swift */,
				DCABF3D72F4C6BE3000FDF4E /* SubscriptionViewModel.swift */,
				DCABF3D82F4C6BE3000FDF4E /* VPNViewModel.swift */,
			);
			path = ViewsModel;
			sourceTree = "<group>";
		};
		DCABF3DB2F4C6BE3000FDF4E /* VPNApp */ = {
			isa = PBXGroup;
			children = (
				DCABF3942F4C6BBA000FDF4E /* ContentView.swift */,
			);
			path = VPNApp;
			sourceTree = "<group>";
		};
		DCABF3DC2F4C6BE3000FDF4E /* Frontend */ = {
			isa = PBXGroup;
			children = (
				DCABF3A62F4C6BE3000FDF4E /* Components */,
				DCABF3AE2F4C6BE3000FDF4E /* Models */,
				DCABF3B62F4C6BE3000FDF4E /* PacketTunnelExtension */,
				DCABF3B72F4C6BE3000FDF4E /* Resources */,
				DCABF3C02F4C6BE3000FDF4E /* Services */,
				DCABF3C12F4C6BE3000FDF4E /* Tests */,
				DCABF3C72F4C6BE3000FDF4E /* Utilities */,
				DCABF3D22F4C6BE3000FDF4E /* Views */,
				DCABF3D92F4C6BE3000FDF4E /* ViewsModel */,
				DCABF3DB2F4C6BE3000FDF4E /* VPNApp */,
				DCABF3922F4C6BBA000FDF4E /* SafeMeshApp.swift */,
				DCABF3962F4C6BBB000FDF4E /* Assets.xcassets */,
			);
			path = Frontend;
			sourceTree = "<group>";
		};
		DCACB1C62F65BFDF009C5667 /* LocalPackages */ = {
			isa = PBXGroup;
			children = (
				DCACB1C52F65BFDF009C5667 /* WireGuardKit */,
			);
			path = LocalPackages;
			sourceTree = "<group>";
		};
/* End PBXGroup section */

/* Begin PBXLegacyTarget section */
		DCAE079F2F63A48300121298 /* WireGuardGoBridge */ = {
			isa = PBXLegacyTarget;
			buildArgumentsString = "$(ACTION)";
			buildConfigurationList = DCAE07A02F63A48300121298 /* Build configuration list for PBXLegacyTarget "WireGuardGoBridge" */;
			buildPhases = (
			);
			buildToolPath = "$(PROJECT_DIR)/Scripts/build_wireguard_go_bridge.sh";
			buildWorkingDirectory = "";
			dependencies = (
			);
			name = WireGuardGoBridge;
			packageProductDependencies = (
			);
			passBuildSettingsInEnvironment = 1;
			productName = WireGuardGoBridge;
		};
/* End PBXLegacyTarget section */

/* Begin PBXNativeTarget section */
		DC92F0412F6174E100D2F445 /* PacketTunnelExtension */ = {
			isa = PBXNativeTarget;
			buildConfigurationList = DC92F0502F6174E200D2F445 /* Build configuration list for PBXNativeTarget "PacketTunnelExtension" */;
			buildPhases = (
				DC92F03E2F6174E100D2F445 /* Sources */,
				DC92F03F2F6174E100D2F445 /* Frameworks */,
				DC92F0402F6174E100D2F445 /* Resources */,
			);
			buildRules = (
			);
			dependencies = (
				DCAE07A42F63A4EB00121298 /* PBXTargetDependency */,
			);
			fileSystemSynchronizedGroups = (
				DC92F0462F6174E100D2F445 /* PacketTunnelExtension */,
			);
			name = PacketTunnelExtension;
			packageProductDependencies = (
				DCACB1C72F65C000009C5667 /* WireGuardKit */,
			);
			productName = PacketTunnelExtension;
			productReference = DC92F0422F6174E100D2F445 /* PacketTunnelExtension.appex */;
			productType = "com.apple.product-type.app-extension";
		};
		DCABF38E2F4C6BBA000FDF4E /* SafeMesh */ = {
			isa = PBXNativeTarget;
			buildConfigurationList = DCABF39A2F4C6BBB000FDF4E /* Build configuration list for PBXNativeTarget "SafeMesh" */;
			buildPhases = (
				DCABF38B2F4C6BBA000FDF4E /* Sources */,
				DCABF38C2F4C6BBA000FDF4E /* Frameworks */,
				DC92F04D2F6174E200D2F445 /* Embed Foundation Extensions */,
			);
			buildRules = (
			);
			dependencies = (
			);
			name = SafeMesh;
			packageProductDependencies = (
			);
			productName = SafeMesh;
			productReference = DCAE07972F63A1E500121298 /* SafeMesh.app */;
			productType = "com.apple.product-type.application";
		};
/* End PBXNativeTarget section */

/* Begin PBXProject section */
		DCABF3872F4C6BBA000FDF4E /* Project object */ = {
			isa = PBXProject;
			attributes = {
				BuildIndependentTargetsInParallel = 1;
				LastSwiftUpdateCheck = 2620;
				LastUpgradeCheck = 2620;
				TargetAttributes = {
					DC92F0412F6174E100D2F445 = {
						CreatedOnToolsVersion = 26.2;
					};
					DCABF38E2F4C6BBA000FDF4E = {
						CreatedOnToolsVersion = 26.2;
					};
					DCAE079F2F63A48300121298 = {
						CreatedOnToolsVersion = 26.2;
					};
				};
			};
			buildConfigurationList = DCABF38A2F4C6BBA000FDF4E /* Build configuration list for PBXProject "SafeMesh" */;
			developmentRegion = en;
			hasScannedForEncodings = 0;
			knownRegions = (
				en,
				Base,
			);
			mainGroup = DCABF3862F4C6BBA000FDF4E;
			minimizedProjectReferenceProxies = 1;
			packageReferences = (
				DC92F0572F617AD100D2F445 /* XCLocalSwiftPackageReference "LocalPackages/WireGuardKit" */,
			);
			preferredProjectObjectVersion = 77;
			productRefGroup = DCABF3862F4C6BBA000FDF4E;
			projectDirPath = "";
			projectRoot = "";
			targets = (
				DCABF38E2F4C6BBA000FDF4E /* SafeMesh */,
				DC92F0412F6174E100D2F445 /* PacketTunnelExtension */,
				DCAE079F2F63A48300121298 /* WireGuardGoBridge */,
			);
		};
/* End PBXProject section */

/* Begin PBXResourcesBuildPhase section */
		DC92F0402F6174E100D2F445 /* Resources */ = {
			isa = PBXResourcesBuildPhase;
			buildActionMask = 2147483647;
			files = (
			);
			runOnlyForDeploymentPostprocessing = 0;
		};
/* End PBXResourcesBuildPhase section */

/* Begin PBXSourcesBuildPhase section */
		DC92F03E2F6174E100D2F445 /* Sources */ = {
			isa = PBXSourcesBuildPhase;
			buildActionMask = 2147483647;
			files = (
			);
			runOnlyForDeploymentPostprocessing = 0;
		};
		DCABF38B2F4C6BBA000FDF4E /* Sources */ = {
			isa = PBXSourcesBuildPhase;
			buildActionMask = 2147483647;
			files = (
				DCABF3952F4C6BBA000FDF4E /* ContentView.swift in Sources */,
				DCABF3932F4C6BBA000FDF4E /* SafeMeshApp.swift in Sources */,
				DCABF3DD2F4C6BE3000FDF4E /* ConnectionStatusView.swift in Sources */,
				DCABF3DE2F4C6BE3000FDF4E /* AlertView.swift in Sources */,
				DCABF3DF2F4C6BE3000FDF4E /* Usage.swift in Sources */,
				DCABF3E02F4C6BE3000FDF4E /* SubscriptionViewModel.swift in Sources */,
				DCABF3E12F4C6BE3000FDF4E /* SettingsView.swift in Sources */,
				DCABF3E22F4C6BE3000FDF4E /* AuthViewModel.swift in Sources */,
				DCABF3E32F4C6BE3000FDF4E /* LoginView.swift in Sources */,
				DCABF3E42F4C6BE3000FDF4E /* ServerCard.swift in Sources */,
				DCABF3E52F4C6BE3000FDF4E /* OnboardingView.swift in Sources */,
				DCABF3E62F4C6BE3000FDF4E /* SubscriptionView.swift in Sources */,
				DCABF3E72F4C6BE3000FDF4E /* Configuration.swift in Sources */,
				DCABF3E82F4C6BE3000FDF4E /* VPNStatus.swift in Sources */,
				DCABF3E92F4C6BE3000FDF4E /* VPNServer.swift in Sources */,
				DCABF3EA2F4C6BE3000FDF4E /* StatusObserver.swift in Sources */,
				DCABF3EC2F4C6BE3000FDF4E /* Formatter.swift in Sources */,
				DCABF3ED2F4C6BE3000FDF4E /* Validator.swift in Sources */,
				DCABF3EF2F4C6BE3000FDF4E /* MainTabView.swift in Sources */,
				DCABF3F02F4C6BE3000FDF4E /* LoadingView.swift in Sources */,
				DCABF3F12F4C6BE3000FDF4E /* SecureStorage.swift in Sources */,
				DCABF3F22F4C6BE3000FDF4E /* ConfigManager.swift in Sources */,
				DCABF3F42F4C6BE3000FDF4E /* Theme.swift in Sources */,
				DCABF3F52F4C6BE3000FDF4E /* Constants.swift in Sources */,
				DCABF3F62F4C6BE3000FDF4E /* TunnelConfiguration.swift in Sources */,
				DCABF3F72F4C6BE3000FDF4E /* SettingsViewModel.swift in Sources */,
				DCABF3F82F4C6BE3000FDF4E /* ProfileViewModel.swift in Sources */,
				DCABF3F92F4C6BE3000FDF4E /* APIClient.swift in Sources */,
				DCABF3FA2F4C6BE3000FDF4E /* User.swift in Sources */,
				DCABF3FB2F4C6BE3000FDF4E /* IPCManager.swift in Sources */,
				DCABF3FC2F4C6BE3000FDF4E /* KeyManager.swift in Sources */,
				DCABF3FD2F4C6BE3000FDF4E /* PingIndicator.swift in Sources */,
				DCABF3FE2F4C6BE3000FDF4E /* ProfileView.swift in Sources */,
				DCABF3FF2F4C6BE3000FDF4E /* ConnectionButton.swift in Sources */,
				DCABF4002F4C6BE3000FDF4E /* VPNViewModel.swift in Sources */,
				DCABF4012F4C6BE3000FDF4E /* HomeView.swift in Sources */,
				DCABF4022F4C6BE3000FDF4E /* Logger.swift in Sources */,
				DCABF4032F4C6BE3000FDF4E /* ServerDetailView.swift in Sources */,
				DCABF4042F4C6BE3000FDF4E /* StatusIndicator.swift in Sources */,
				DCABF4052F4C6BE3000FDF4E /* VPNManager.swift in Sources */,
				DCABF4062F4C6BE3000FDF4E /* ServerListView.swift in Sources */,
				DCABF4072F4C6BE3000FDF4E /* Subscription.swift in Sources */,
				DCABF4092F4C6BE3000FDF4E /* ServerViewModel.swift in Sources */,
				DCABF40A2F4C6BE3000FDF4E /* Extensions.swift in Sources */,
				DCABF40B2F4C6BE3000FDF4E /* APIServer.swift in Sources */,
				DCABF40C2F4C6BE3000FDF4E /* CountryFlag.swift in Sources */,
			);
			runOnlyForDeploymentPostprocessing = 0;
		};
/* End PBXSourcesBuildPhase section */

/* Begin PBXTargetDependency section */
		DCAE07A42F63A4EB00121298 /* PBXTargetDependency */ = {
			isa = PBXTargetDependency;
			target = DCAE079F2F63A48300121298 /* WireGuardGoBridge */;
			targetProxy = DCAE07A32F63A4EB00121298 /* PBXContainerItemProxy */;
		};
/* End PBXTargetDependency section */

/* Begin XCBuildConfiguration section */
		DC92F0512F6174E200D2F445 /* Debug */ = {
			isa = XCBuildConfiguration;
			buildSettings = {
				CODE_SIGN_ENTITLEMENTS = Frontend/PacketTunnelExtension/PacketTunnel.entitlements;
				CODE_SIGN_STYLE = Automatic;
				CURRENT_PROJECT_VERSION = 1;
				DEVELOPMENT_TEAM = LHG395YCPD;
				GENERATE_INFOPLIST_FILE = YES;
				INFOPLIST_FILE = Frontend/PacketTunnelExtension/Info.plist;
				INFOPLIST_KEY_CFBundleDisplayName = PacketTunnelExtension;
				INFOPLIST_KEY_NSHumanReadableCopyright = "";
				IPHONEOS_DEPLOYMENT_TARGET = 26.2;
				LD_RUNPATH_SEARCH_PATHS = (
					"$(inherited)",
					"@executable_path/Frameworks",
					"@executable_path/../../Frameworks",
				);
				MARKETING_VERSION = 1.0;
				PRODUCT_BUNDLE_IDENTIFIER = com.SafeMesh.PacketTunnelExtension;
				PRODUCT_NAME = "$(TARGET_NAME)";
				SDKROOT = iphoneos;
				SKIP_INSTALL = YES;
				STRING_CATALOG_GENERATE_SYMBOLS = YES;
				SWIFT_APPROACHABLE_CONCURRENCY = YES;
				SWIFT_EMIT_LOC_STRINGS = YES;
				SWIFT_UPCOMING_FEATURE_MEMBER_IMPORT_VISIBILITY = YES;
				SWIFT_VERSION = 5.0;
				TARGETED_DEVICE_FAMILY = "1,2";
			};
			name = Debug;
		};
		DC92F0522F6174E200D2F445 /* Release */ = {
			isa = XCBuildConfiguration;
			buildSettings = {
				CODE_SIGN_ENTITLEMENTS = Frontend/PacketTunnelExtension/PacketTunnel.entitlements;
				CODE_SIGN_STYLE = Automatic;
				CURRENT_PROJECT_VERSION = 1;
				DEVELOPMENT_TEAM = LHG395YCPD;
				GENERATE_INFOPLIST_FILE = YES;
				INFOPLIST_FILE = Frontend/PacketTunnelExtension/Info.plist;
				INFOPLIST_KEY_CFBundleDisplayName = PacketTunnelExtension;
				INFOPLIST_KEY_NSHumanReadableCopyright = "";
				IPHONEOS_DEPLOYMENT_TARGET = 26.2;
				LD_RUNPATH_SEARCH_PATHS = (
					"$(inherited)",
					"@executable_path/Frameworks",
					"@executable_path/../../Frameworks",
				);
				MARKETING_VERSION = 1.0;
				PRODUCT_BUNDLE_IDENTIFIER = com.SafeMesh.PacketTunnelExtension;
				PRODUCT_NAME = "$(TARGET_NAME)";
				SDKROOT = iphoneos;
				SKIP_INSTALL = YES;
				STRING_CATALOG_GENERATE_SYMBOLS = YES;
				SWIFT_APPROACHABLE_CONCURRENCY = YES;
				SWIFT_EMIT_LOC_STRINGS = YES;
				SWIFT_UPCOMING_FEATURE_MEMBER_IMPORT_VISIBILITY = YES;
				SWIFT_VERSION = 5.0;
				TARGETED_DEVICE_FAMILY = "1,2";
				VALIDATE_PRODUCT = YES;
			};
			name = Release;
		};
		DCABF3982F4C6BBB000FDF4E /* Debug */ = {
			isa = XCBuildConfiguration;
			buildSettings = {
				ALWAYS_SEARCH_USER_PATHS = NO;
				ASSETCATALOG_COMPILER_GENERATE_SWIFT_ASSET_SYMBOL_EXTENSIONS = YES;
				CLANG_ANALYZER_NONNULL = YES;
				CLANG_ANALYZER_NUMBER_OBJECT_CONVERSION = YES_AGGRESSIVE;
				CLANG_CXX_LANGUAGE_STANDARD = "gnu++20";
				CLANG_ENABLE_MODULES = YES;
				CLANG_ENABLE_OBJC_ARC = YES;
				CLANG_ENABLE_OBJC_WEAK = YES;
				CLANG_WARN_BLOCK_CAPTURE_AUTORELEASING = YES;
				CLANG_WARN_BOOL_CONVERSION = YES;
				CLANG_WARN_COMMA = YES;
				CLANG_WARN_CONSTANT_CONVERSION = YES;
				CLANG_WARN_DEPRECATED_OBJC_IMPLEMENTATIONS = YES;
				CLANG_WARN_DIRECT_OBJC_ISA_USAGE = YES_ERROR;
				CLANG_WARN_DOCUMENTATION_COMMENTS = YES;
				CLANG_WARN_EMPTY_BODY = YES;
				CLANG_WARN_ENUM_CONVERSION = YES;
				CLANG_WARN_INFINITE_RECURSION = YES;
				CLANG_WARN_INT_CONVERSION = YES;
				CLANG_WARN_NON_LITERAL_NULL_CONVERSION = YES;
				CLANG_WARN_OBJC_IMPLICIT_RETAIN_SELF = YES;
				CLANG_WARN_OBJC_LITERAL_CONVERSION = YES;
				CLANG_WARN_OBJC_ROOT_CLASS = YES_ERROR;
				CLANG_WARN_QUOTED_INCLUDE_IN_FRAMEWORK_HEADER = YES;
				CLANG_WARN_RANGE_LOOP_ANALYSIS = YES;
				CLANG_WARN_STRICT_PROTOTYPES = YES;
				CLANG_WARN_SUSPICIOUS_MOVE = YES;
				CLANG_WARN_UNGUARDED_AVAILABILITY = YES_AGGRESSIVE;
				CLANG_WARN_UNREACHABLE_CODE = YES;
				CLANG_WARN__DUPLICATE_METHOD_MATCH = YES;
				COPY_PHASE_STRIP = NO;
				DEBUG_INFORMATION_FORMAT = dwarf;
				DEVELOPMENT_TEAM = LHG395YCPD;
				ENABLE_STRICT_OBJC_MSGSEND = YES;
				ENABLE_TESTABILITY = YES;
				ENABLE_USER_SCRIPT_SANDBOXING = YES;
				GCC_C_LANGUAGE_STANDARD = gnu17;
				GCC_DYNAMIC_NO_PIC = NO;
				GCC_NO_COMMON_BLOCKS = YES;
				GCC_OPTIMIZATION_LEVEL = 0;
				GCC_PREPROCESSOR_DEFINITIONS = (
					"DEBUG=1",
					"$(inherited)",
				);
				GCC_WARN_64_TO_32_BIT_CONVERSION = YES;
				GCC_WARN_ABOUT_RETURN_TYPE = YES_ERROR;
				GCC_WARN_UNDECLARED_SELECTOR = YES;
				GCC_WARN_UNINITIALIZED_AUTOS = YES_AGGRESSIVE;
				GCC_WARN_UNUSED_FUNCTION = YES;
				GCC_WARN_UNUSED_VARIABLE = YES;
				LOCALIZATION_PREFERS_STRING_CATALOGS = YES;
				MTL_ENABLE_DEBUG_INFO = INCLUDE_SOURCE;
				MTL_FAST_MATH = YES;
				ONLY_ACTIVE_ARCH = YES;
				SWIFT_ACTIVE_COMPILATION_CONDITIONS = "DEBUG $(inherited)";
				SWIFT_OPTIMIZATION_LEVEL = "-Onone";
			};
			name = Debug;
		};
		DCABF3992F4C6BBB000FDF4E /* Release */ = {
			isa = XCBuildConfiguration;
			buildSettings = {
				ALWAYS_SEARCH_USER_PATHS = NO;
				ASSETCATALOG_COMPILER_GENERATE_SWIFT_ASSET_SYMBOL_EXTENSIONS = YES;
				CLANG_ANALYZER_NONNULL = YES;
				CLANG_ANALYZER_NUMBER_OBJECT_CONVERSION = YES_AGGRESSIVE;
				CLANG_CXX_LANGUAGE_STANDARD = "gnu++20";
				CLANG_ENABLE_MODULES = YES;
				CLANG_ENABLE_OBJC_ARC = YES;
				CLANG_ENABLE_OBJC_WEAK = YES;
				CLANG_WARN_BLOCK_CAPTURE_AUTORELEASING = YES;
				CLANG_WARN_BOOL_CONVERSION = YES;
				CLANG_WARN_COMMA = YES;
				CLANG_WARN_CONSTANT_CONVERSION = YES;
				CLANG_WARN_DEPRECATED_OBJC_IMPLEMENTATIONS = YES;
				CLANG_WARN_DIRECT_OBJC_ISA_USAGE = YES_ERROR;
				CLANG_WARN_DOCUMENTATION_COMMENTS = YES;
				CLANG_WARN_EMPTY_BODY = YES;
				CLANG_WARN_ENUM_CONVERSION = YES;
				CLANG_WARN_INFINITE_RECURSION = YES;
				CLANG_WARN_INT_CONVERSION = YES;
				CLANG_WARN_NON_LITERAL_NULL_CONVERSION = YES;
				CLANG_WARN_OBJC_IMPLICIT_RETAIN_SELF = YES;
				CLANG_WARN_OBJC_LITERAL_CONVERSION = YES;
				CLANG_WARN_OBJC_ROOT_CLASS = YES_ERROR;
				CLANG_WARN_QUOTED_INCLUDE_IN_FRAMEWORK_HEADER = YES;
				CLANG_WARN_RANGE_LOOP_ANALYSIS = YES;
				CLANG_WARN_STRICT_PROTOTYPES = YES;
				CLANG_WARN_SUSPICIOUS_MOVE = YES;
				CLANG_WARN_UNGUARDED_AVAILABILITY = YES_AGGRESSIVE;
				CLANG_WARN_UNREACHABLE_CODE = YES;
				CLANG_WARN__DUPLICATE_METHOD_MATCH = YES;
				COPY_PHASE_STRIP = NO;
				DEBUG_INFORMATION_FORMAT = "dwarf-with-dsym";
				DEVELOPMENT_TEAM = LHG395YCPD;
				ENABLE_NS_ASSERTIONS = NO;
				ENABLE_STRICT_OBJC_MSGSEND = YES;
				ENABLE_USER_SCRIPT_SANDBOXING = YES;
				GCC_C_LANGUAGE_STANDARD = gnu17;
				GCC_NO_COMMON_BLOCKS = YES;
				GCC_WARN_64_TO_32_BIT_CONVERSION = YES;
				GCC_WARN_ABOUT_RETURN_TYPE = YES_ERROR;
				GCC_WARN_UNDECLARED_SELECTOR = YES;
				GCC_WARN_UNINITIALIZED_AUTOS = YES_AGGRESSIVE;
				GCC_WARN_UNUSED_FUNCTION = YES;
				GCC_WARN_UNUSED_VARIABLE = YES;
				LOCALIZATION_PREFERS_STRING_CATALOGS = YES;
				MTL_ENABLE_DEBUG_INFO = NO;
				MTL_FAST_MATH = YES;
				SWIFT_COMPILATION_MODE = wholemodule;
			};
			name = Release;
		};
		DCABF39B2F4C6BBB000FDF4E /* Debug */ = {
			isa = XCBuildConfiguration;
			buildSettings = {
				ASSETCATALOG_COMPILER_APPICON_NAME = AppIcon;
				ASSETCATALOG_COMPILER_GLOBAL_ACCENT_COLOR_NAME = AccentColor;
				CODE_SIGN_ENTITLEMENTS = SafeMesh.entitlements;
				CODE_SIGN_STYLE = Automatic;
				CURRENT_PROJECT_VERSION = 1;
				DEVELOPMENT_TEAM = LHG395YCPD;
				ENABLE_APP_SANDBOX = YES;
				ENABLE_HARDENED_RUNTIME = YES;
				ENABLE_PREVIEWS = YES;
				ENABLE_USER_SELECTED_FILES = readonly;
				GENERATE_INFOPLIST_FILE = YES;
				"INFOPLIST_KEY_UIApplicationSceneManifest_Generation[sdk=iphoneos*]" = YES;
				"INFOPLIST_KEY_UIApplicationSceneManifest_Generation[sdk=iphonesimulator*]" = YES;
				"INFOPLIST_KEY_UIApplicationSupportsIndirectInputEvents[sdk=iphoneos*]" = YES;
				"INFOPLIST_KEY_UIApplicationSupportsIndirectInputEvents[sdk=iphonesimulator*]" = YES;
				"INFOPLIST_KEY_UILaunchScreen_Generation[sdk=iphoneos*]" = YES;
				"INFOPLIST_KEY_UILaunchScreen_Generation[sdk=iphonesimulator*]" = YES;
				"INFOPLIST_KEY_UIStatusBarStyle[sdk=iphoneos*]" = UIStatusBarStyleDefault;
				"INFOPLIST_KEY_UIStatusBarStyle[sdk=iphonesimulator*]" = UIStatusBarStyleDefault;
				INFOPLIST_KEY_UISupportedInterfaceOrientations_iPad = "UIInterfaceOrientationPortrait UIInterfaceOrientationPortraitUpsideDown UIInterfaceOrientationLandscapeLeft UIInterfaceOrientationLandscapeRight";
				INFOPLIST_KEY_UISupportedInterfaceOrientations_iPhone = "UIInterfaceOrientationPortrait UIInterfaceOrientationLandscapeLeft UIInterfaceOrientationLandscapeRight";
				IPHONEOS_DEPLOYMENT_TARGET = 26.2;
				LD_RUNPATH_SEARCH_PATHS = "@executable_path/Frameworks";
				"LD_RUNPATH_SEARCH_PATHS[sdk=macosx*]" = "@executable_path/../Frameworks";
				LIBRARY_SEARCH_PATHS = "$(inherited)";
				MACOSX_DEPLOYMENT_TARGET = 26.2;
				MARKETING_VERSION = 1.0;
				PRODUCT_BUNDLE_IDENTIFIER = com.SafeMesh;
				"PRODUCT_BUNDLE_IDENTIFIER[sdk=iphoneos*]" = group.com.SafeMesh;
				"PRODUCT_BUNDLE_IDENTIFIER[sdk=macosx*]" = group.com.SafeMesh;
				"PRODUCT_BUNDLE_IDENTIFIER[sdk=xros*]" = group.com.SafeMesh;
				PRODUCT_NAME = "$(TARGET_NAME)";
				REGISTER_APP_GROUPS = YES;
				SDKROOT = auto;
				STRING_CATALOG_GENERATE_SYMBOLS = YES;
				SUPPORTED_PLATFORMS = "iphoneos iphonesimulator macosx xros xrsimulator";
				SWIFT_APPROACHABLE_CONCURRENCY = YES;
				SWIFT_DEFAULT_ACTOR_ISOLATION = MainActor;
				SWIFT_EMIT_LOC_STRINGS = YES;
				SWIFT_UPCOMING_FEATURE_MEMBER_IMPORT_VISIBILITY = YES;
				SWIFT_VERSION = 5.0;
				TARGETED_DEVICE_FAMILY = "1,2,7";
				XROS_DEPLOYMENT_TARGET = 26.2;
			};
			name = Debug;
		};
		DCABF39C2F4C6BBB000FDF4E /* Release */ = {
			isa = XCBuildConfiguration;
			buildSettings = {
				ASSETCATALOG_COMPILER_APPICON_NAME = AppIcon;
				ASSETCATALOG_COMPILER_GLOBAL_ACCENT_COLOR_NAME = AccentColor;
				CODE_SIGN_ENTITLEMENTS = SafeMesh.entitlements;
				CODE_SIGN_STYLE = Automatic;
				CURRENT_PROJECT_VERSION = 1;
				DEVELOPMENT_TEAM = LHG395YCPD;
				ENABLE_APP_SANDBOX = YES;
				ENABLE_HARDENED_RUNTIME = YES;
				ENABLE_PREVIEWS = YES;
				ENABLE_USER_SELECTED_FILES = readonly;
				GENERATE_INFOPLIST_FILE = YES;
				"INFOPLIST_KEY_UIApplicationSceneManifest_Generation[sdk=iphoneos*]" = YES;
				"INFOPLIST_KEY_UIApplicationSceneManifest_Generation[sdk=iphonesimulator*]" = YES;
				"INFOPLIST_KEY_UIApplicationSupportsIndirectInputEvents[sdk=iphoneos*]" = YES;
				"INFOPLIST_KEY_UIApplicationSupportsIndirectInputEvents[sdk=iphonesimulator*]" = YES;
				"INFOPLIST_KEY_UILaunchScreen_Generation[sdk=iphoneos*]" = YES;
				"INFOPLIST_KEY_UILaunchScreen_Generation[sdk=iphonesimulator*]" = YES;
				"INFOPLIST_KEY_UIStatusBarStyle[sdk=iphoneos*]" = UIStatusBarStyleDefault;
				"INFOPLIST_KEY_UIStatusBarStyle[sdk=iphonesimulator*]" = UIStatusBarStyleDefault;
				INFOPLIST_KEY_UISupportedInterfaceOrientations_iPad = "UIInterfaceOrientationPortrait UIInterfaceOrientationPortraitUpsideDown UIInterfaceOrientationLandscapeLeft UIInterfaceOrientationLandscapeRight";
				INFOPLIST_KEY_UISupportedInterfaceOrientations_iPhone = "UIInterfaceOrientationPortrait UIInterfaceOrientationLandscapeLeft UIInterfaceOrientationLandscapeRight";
				IPHONEOS_DEPLOYMENT_TARGET = 26.2;
				LD_RUNPATH_SEARCH_PATHS = "@executable_path/Frameworks";
				"LD_RUNPATH_SEARCH_PATHS[sdk=macosx*]" = "@executable_path/../Frameworks";
				LIBRARY_SEARCH_PATHS = "$(inherited)";
				MACOSX_DEPLOYMENT_TARGET = 26.2;
				MARKETING_VERSION = 1.0;
				PRODUCT_BUNDLE_IDENTIFIER = com.SafeMesh;
				"PRODUCT_BUNDLE_IDENTIFIER[sdk=iphoneos*]" = group.com.SafeMesh;
				"PRODUCT_BUNDLE_IDENTIFIER[sdk=macosx*]" = group.com.SafeMesh;
				"PRODUCT_BUNDLE_IDENTIFIER[sdk=xros*]" = group.com.SafeMesh;
				PRODUCT_NAME = "$(TARGET_NAME)";
				REGISTER_APP_GROUPS = YES;
				SDKROOT = auto;
				STRING_CATALOG_GENERATE_SYMBOLS = YES;
				SUPPORTED_PLATFORMS = "iphoneos iphonesimulator macosx xros xrsimulator";
				SWIFT_APPROACHABLE_CONCURRENCY = YES;
				SWIFT_DEFAULT_ACTOR_ISOLATION = MainActor;
				SWIFT_EMIT_LOC_STRINGS = YES;
				SWIFT_UPCOMING_FEATURE_MEMBER_IMPORT_VISIBILITY = YES;
				SWIFT_VERSION = 5.0;
				TARGETED_DEVICE_FAMILY = "1,2,7";
				XROS_DEPLOYMENT_TARGET = 26.2;
			};
			name = Release;
		};
		DCAE07A12F63A48300121298 /* Debug */ = {
			isa = XCBuildConfiguration;
			buildSettings = {
				CODE_SIGN_STYLE = Automatic;
				DEBUGGING_SYMBOLS = YES;
				DEBUG_INFORMATION_FORMAT = dwarf;
				DEVELOPMENT_TEAM = LHG395YCPD;
				GCC_GENERATE_DEBUGGING_SYMBOLS = YES;
				GCC_OPTIMIZATION_LEVEL = 0;
				OTHER_CFLAGS = "";
				OTHER_LDFLAGS = "";
				PRODUCT_NAME = "$(TARGET_NAME)";
			};
			name = Debug;
		};
		DCAE07A22F63A48300121298 /* Release */ = {
			isa = XCBuildConfiguration;
			buildSettings = {
				CODE_SIGN_STYLE = Automatic;
				DEBUG_INFORMATION_FORMAT = "dwarf-with-dsym";
				DEVELOPMENT_TEAM = LHG395YCPD;
				OTHER_CFLAGS = "";
				OTHER_LDFLAGS = "";
				PRODUCT_NAME = "$(TARGET_NAME)";
			};
			name = Release;
		};
/* End XCBuildConfiguration section */

/* Begin XCConfigurationList section */
		DC92F0502F6174E200D2F445 /* Build configuration list for PBXNativeTarget "PacketTunnelExtension" */ = {
			isa = XCConfigurationList;
			buildConfigurations = (
				DC92F0512F6174E200D2F445 /* Debug */,
				DC92F0522F6174E200D2F445 /* Release */,
			);
			defaultConfigurationIsVisible = 0;
			defaultConfigurationName = Release;
		};
		DCABF38A2F4C6BBA000FDF4E /* Build configuration list for PBXProject "SafeMesh" */ = {
			isa = XCConfigurationList;
			buildConfigurations = (
				DCABF3982F4C6BBB000FDF4E /* Debug */,
				DCABF3992F4C6BBB000FDF4E /* Release */,
			);
			defaultConfigurationIsVisible = 0;
			defaultConfigurationName = Release;
		};
		DCABF39A2F4C6BBB000FDF4E /* Build configuration list for PBXNativeTarget "SafeMesh" */ = {
			isa = XCConfigurationList;
			buildConfigurations = (
				DCABF39B2F4C6BBB000FDF4E /* Debug */,
				DCABF39C2F4C6BBB000FDF4E /* Release */,
			);
			defaultConfigurationIsVisible = 0;
			defaultConfigurationName = Release;
		};
		DCAE07A02F63A48300121298 /* Build configuration list for PBXLegacyTarget "WireGuardGoBridge" */ = {
			isa = XCConfigurationList;
			buildConfigurations = (
				DCAE07A12F63A48300121298 /* Debug */,
				DCAE07A22F63A48300121298 /* Release */,
			);
			defaultConfigurationIsVisible = 0;
			defaultConfigurationName = Release;
		};
/* End XCConfigurationList section */

/* Begin XCLocalSwiftPackageReference section */
		DC92F0572F617AD100D2F445 /* XCLocalSwiftPackageReference "LocalPackages/WireGuardKit" */ = {
			isa = XCLocalSwiftPackageReference;
			relativePath = LocalPackages/WireGuardKit;
		};
/* End XCLocalSwiftPackageReference section */

/* Begin XCSwiftPackageProductDependency section */
		DCACB1C72F65C000009C5667 /* WireGuardKit */ = {
			isa = XCSwiftPackageProductDependency;
			productName = WireGuardKit;
		};
/* End XCSwiftPackageProductDependency section */
	};
	rootObject = DCABF3872F4C6BBA000FDF4E /* Project object */;
}
