// !$*UTF8*$!
{
	archiveVersion = 1;
	classes = {
	};
	objectVersion = 77;
	objects = {

/* Begin PBXBuildFile section */
		DCABF3932F4C6BBA000FDF4E /* SafeMeshApp.swift in Sources */ = {isa = PBXBuildFile; fileRef = DCABF3922F4C6BBA000FDF4E /* SafeMeshApp.swift */; };
		DCABF3952F4C6BBA000FDF4E /* ContentView.swift in Sources */ = {isa = PBXBuildFile; fileRef = DCABF3942F4C6BBA000FDF4E /* ContentView.swift */; };
		DCABF3972F4C6BBB000FDF4E /* Assets.xcassets in Resources */ = {isa = PBXBuildFile; fileRef = DCABF3962F4C6BBB000FDF4E /* Assets.xcassets */; };
		DCABF3DD2F4C6BE3000FDF4E /* ConnectionStatusView.swift in Sources */ = {isa = PBXBuildFile; fileRef = DCABF3C82F4C6BE3000FDF4E /* ConnectionStatusView.swift */; };
		DCABF3DE2F4C6BE3000FDF4E /* AlertView.swift in Sources */ = {isa = PBXBuildFile; fileRef = DCABF39F2F4C6BE3000FDF4E /* AlertView.swift */; };
		DCABF3DF2F4C6BE3000FDF4E /* Usage.swift in Sources */ = {isa = PBXBuildFile; fileRef = DCABF3AA2F4C6BE3000FDF4E /* Usage.swift */; };
		DCABF3E02F4C6BE3000FDF4E /* SubscriptionViewModel.swift in Sources */ = {isa = PBXBuildFile; fileRef = DCABF3D72F4C6BE3000FDF4E /* SubscriptionViewModel.swift */; };
		DCABF3E12F4C6BE3000FDF4E /* SettingsView.swift in Sources */ = {isa = PBXBuildFile; fileRef = DCABF3D02F4C6BE3000FDF4E /* SettingsView.swift */; };
		DCABF3E22F4C6BE3000FDF4E /* AuthViewModel.swift in Sources */ = {isa = PBXBuildFile; fileRef = DCABF3D32F4C6BE3000FDF4E /* AuthViewModel.swift */; };
		DCABF3E32F4C6BE3000FDF4E /* LoginView.swift in Sources */ = {isa = PBXBuildFile; fileRef = DCABF3CA2F4C6BE3000FDF4E /* LoginView.swift */; };
		DCABF3E42F4C6BE3000FDF4E /* ServerCard.swift in Sources */ = {isa = PBXBuildFile; fileRef = DCABF3A42F4C6BE3000FDF4E /* ServerCard.swift */; };
		DCABF3E52F4C6BE3000FDF4E /* OnboardingView.swift in Sources */ = {isa = PBXBuildFile; fileRef = DCABF3CC2F4C6BE3000FDF4E /* OnboardingView.swift */; };
		DCABF3E62F4C6BE3000FDF4E /* SubscriptionView.swift in Sources */ = {isa = PBXBuildFile; fileRef = DCABF3D12F4C6BE3000FDF4E /* SubscriptionView.swift */; };
		DCABF3E72F4C6BE3000FDF4E /* Configuration.swift in Sources */ = {isa = PBXBuildFile; fileRef = DCABF3A82F4C6BE3000FDF4E /* Configuration.swift */; };
		DCABF3E82F4C6BE3000FDF4E /* VPNStatus.swift in Sources */ = {isa = PBXBuildFile; fileRef = DCABF3AD2F4C6BE3000FDF4E /* VPNStatus.swift */; };
		DCABF3E92F4C6BE3000FDF4E /* VPNServer.swift in Sources */ = {isa = PBXBuildFile; fileRef = DCABF3AC2F4C6BE3000FDF4E /* VPNServer.swift */; };
		DCABF3EA2F4C6BE3000FDF4E /* StatusObserver.swift in Sources */ = {isa = PBXBuildFile; fileRef = DCABF3BE2F4C6BE3000FDF4E /* StatusObserver.swift */; };
		DCABF3EB2F4C6BE3000FDF4E /* PacketHandler.swift in Sources */ = {isa = PBXBuildFile; fileRef = DCABF3B12F4C6BE3000FDF4E /* PacketHandler.swift */; };
		DCABF3EC2F4C6BE3000FDF4E /* Formatter.swift in Sources */ = {isa = PBXBuildFile; fileRef = DCABF3C42F4C6BE3000FDF4E /* Formatter.swift */; };
		DCABF3ED2F4C6BE3000FDF4E /* Validator.swift in Sources */ = {isa = PBXBuildFile; fileRef = DCABF3C62F4C6BE3000FDF4E /* Validator.swift */; };
		DCABF3EE2F4C6BE3000FDF4E /* WireGuardTunnel.swift in Sources */ = {isa = PBXBuildFile; fileRef = DCABF3B52F4C6BE3000FDF4E /* WireGuardTunnel.swift */; };
		DCABF3EF2F4C6BE3000FDF4E /* MainTabView.swift in Sources */ = {isa = PBXBuildFile; fileRef = DCABF3CB2F4C6BE3000FDF4E /* MainTabView.swift */; };
		DCABF3F02F4C6BE3000FDF4E /* LoadingView.swift in Sources */ = {isa = PBXBuildFile; fileRef = DCABF3A22F4C6BE3000FDF4E /* LoadingView.swift */; };
		DCABF3F12F4C6BE3000FDF4E /* SecureStorage.swift in Sources */ = {isa = PBXBuildFile; fileRef = DCABF3BD2F4C6BE3000FDF4E /* SecureStorage.swift */; };
		DCABF3F22F4C6BE3000FDF4E /* ConfigManager.swift in Sources */ = {isa = PBXBuildFile; fileRef = DCABF3B92F4C6BE3000FDF4E /* ConfigManager.swift */; };
		DCABF3F32F4C6BE3000FDF4E /* PacketTunnelProvider.swift in Sources */ = {isa = PBXBuildFile; fileRef = DCABF3B32F4C6BE3000FDF4E /* PacketTunnelProvider.swift */; };
		DCABF3F42F4C6BE3000FDF4E /* Theme.swift in Sources */ = {isa = PBXBuildFile; fileRef = DCABF3C52F4C6BE3000FDF4E /* Theme.swift */; };
		DCABF3F52F4C6BE3000FDF4E /* Constants.swift in Sources */ = {isa = PBXBuildFile; fileRef = DCABF3C22F4C6BE3000FDF4E /* Constants.swift */; };
		DCABF3F62F4C6BE3000FDF4E /* TunnelConfiguration.swift in Sources */ = {isa = PBXBuildFile; fileRef = DCABF3B42F4C6BE3000FDF4E /* TunnelConfiguration.swift */; };
		DCABF3F72F4C6BE3000FDF4E /* SettingsViewModel.swift in Sources */ = {isa = PBXBuildFile; fileRef = DCABF3D62F4C6BE3000FDF4E /* SettingsViewModel.swift */; };
		DCABF3F82F4C6BE3000FDF4E /* ProfileViewModel.swift in Sources */ = {isa = PBXBuildFile; fileRef = DCABF3D42F4C6BE3000FDF4E /* ProfileViewModel.swift */; };
		DCABF3F92F4C6BE3000FDF4E /* APIClient.swift in Sources */ = {isa = PBXBuildFile; fileRef = DCABF3B82F4C6BE3000FDF4E /* APIClient.swift */; };
		DCABF3FA2F4C6BE3000FDF4E /* User.swift in Sources */ = {isa = PBXBuildFile; fileRef = DCABF3AB2F4C6BE3000FDF4E /* User.swift */; };
		DCABF3FB2F4C6BE3000FDF4E /* IPCManager.swift in Sources */ = {isa = PBXBuildFile; fileRef = DCABF3BA2F4C6BE3000FDF4E /* IPCManager.swift */; };
		DCABF3FC2F4C6BE3000FDF4E /* KeyManager.swift in Sources */ = {isa = PBXBuildFile; fileRef = DCABF3BB2F4C6BE3000FDF4E /* KeyManager.swift */; };
		DCABF3FD2F4C6BE3000FDF4E /* PingIndicator.swift in Sources */ = {isa = PBXBuildFile; fileRef = DCABF3A32F4C6BE3000FDF4E /* PingIndicator.swift */; };
		DCABF3FE2F4C6BE3000FDF4E /* ProfileView.swift in Sources */ = {isa = PBXBuildFile; fileRef = DCABF3CD2F4C6BE3000FDF4E /* ProfileView.swift */; };
		DCABF3FF2F4C6BE3000FDF4E /* ConnectionButton.swift in Sources */ = {isa = PBXBuildFile; fileRef = DCABF3A02F4C6BE3000FDF4E /* ConnectionButton.swift */; };
		DCABF4002F4C6BE3000FDF4E /* VPNViewModel.swift in Sources */ = {isa = PBXBuildFile; fileRef = DCABF3D82F4C6BE3000FDF4E /* VPNViewModel.swift */; };
		DCABF4012F4C6BE3000FDF4E /* HomeView.swift in Sources */ = {isa = PBXBuildFile; fileRef = DCABF3C92F4C6BE3000FDF4E /* HomeView.swift */; };
		DCABF4022F4C6BE3000FDF4E /* Logger.swift in Sources */ = {isa = PBXBuildFile; fileRef = DCABF3BC2F4C6BE3000FDF4E /* Logger.swift */; };
		DCABF4032F4C6BE3000FDF4E /* ServerDetailView.swift in Sources */ = {isa = PBXBuildFile; fileRef = DCABF3CE2F4C6BE3000FDF4E /* ServerDetailView.swift */; };
		DCABF4042F4C6BE3000FDF4E /* StatusIndicator.swift in Sources */ = {isa = PBXBuildFile; fileRef = DCABF3A52F4C6BE3000FDF4E /* StatusIndicator.swift */; };
		DCABF4052F4C6BE3000FDF4E /* VPNManager.swift in Sources */ = {isa = PBXBuildFile; fileRef = DCABF3BF2F4C6BE3000FDF4E /* VPNManager.swift */; };
		DCABF4062F4C6BE3000FDF4E /* ServerListView.swift in Sources */ = {isa = PBXBuildFile; fileRef = DCABF3CF2F4C6BE3000FDF4E /* ServerListView.swift */; };
		DCABF4072F4C6BE3000FDF4E /* Subscription.swift in Sources */ = {isa = PBXBuildFile; fileRef = DCABF3A92F4C6BE3000FDF4E /* Subscription.swift */; };
		DCABF4092F4C6BE3000FDF4E /* ServerViewModel.swift in Sources */ = {isa = PBXBuildFile; fileRef = DCABF3D52F4C6BE3000FDF4E /* ServerViewModel.swift */; };
		DCABF40A2F4C6BE3000FDF4E /* Extensions.swift in Sources */ = {isa = PBXBuildFile; fileRef = DCABF3C32F4C6BE3000FDF4E /* Extensions.swift */; };
		DCABF40B2F4C6BE3000FDF4E /* APIServer.swift in Sources */ = {isa = PBXBuildFile; fileRef = DCABF3A72F4C6BE3000FDF4E /* APIServer.swift */; };
		DCABF40C2F4C6BE3000FDF4E /* CountryFlag.swift in Sources */ = {isa = PBXBuildFile; fileRef = DCABF3A12F4C6BE3000FDF4E /* CountryFlag.swift */; };
		DCABF40E2F4C6BE3000FDF4E /* Asset.xcassets in Resources */ = {isa = PBXBuildFile; fileRef = DCABF3AF2F4C6BE3000FDF4E /* Asset.xcassets */; };
		DCADEB062F5B6141004113B9 /* invoked.timestamp in Resources */ = {isa = PBXBuildFile; fileRef = DCADEACD2F5B6141004113B9 /* invoked.timestamp */; };
		DCADEB072F5B6141004113B9 /* query-cache.bin in Resources */ = {isa = PBXBuildFile; fileRef = DCADEAE22F5B6141004113B9 /* query-cache.bin */; };
		DCADEB082F5B6141004113B9 /* libBackend-05fcd87594f41224.rmeta in Resources */ = {isa = PBXBuildFile; fileRef = DCADEADC2F5B6141004113B9 /* libBackend-05fcd87594f41224.rmeta */; };
		DCADEB092F5B6141004113B9 /* query-cache.bin in Resources */ = {isa = PBXBuildFile; fileRef = DCADEAF52F5B6141004113B9 /* query-cache.bin */; };
		DCADEB0A2F5B6141004113B9 /* stderr in Resources */ = {isa = PBXBuildFile; fileRef = DCADEAFD2F5B6141004113B9 /* stderr */; };
		DCADEB0B2F5B6141004113B9 /* dep-graph.bin in Resources */ = {isa = PBXBuildFile; fileRef = DCADEAEE2F5B6141004113B9 /* dep-graph.bin */; };
		DCADEB0C2F5B6141004113B9 /* dep-graph.part.bin in Resources */ = {isa = PBXBuildFile; fileRef = DCADEAE92F5B6141004113B9 /* dep-graph.part.bin */; };
		DCADEB0D2F5B6141004113B9 /* bin-Backend.json in Resources */ = {isa = PBXBuildFile; fileRef = DCADEACC2F5B6141004113B9 /* bin-Backend.json */; };
		DCADEB0E2F5B6141004113B9 /* dep-test-lib-Backend in Resources */ = {isa = PBXBuildFile; fileRef = DCADEAC62F5B6141004113B9 /* dep-test-lib-Backend */; };
		DCADEB0F2F5B6141004113B9 /* s-hg2do8oewv-1mvb6ve.lock in Resources */ = {isa = PBXBuildFile; fileRef = DCADEAF22F5B6141004113B9 /* s-hg2do8oewv-1mvb6ve.lock */; };
		DCADEB102F5B6141004113B9 /* dep-test-bin-Backend in Resources */ = {isa = PBXBuildFile; fileRef = DCADEAC12F5B6141004113B9 /* dep-test-bin-Backend */; };
		DCADEB112F5B6141004113B9 /* output-lib-Backend in Resources */ = {isa = PBXBuildFile; fileRef = DCADEAD42F5B6141004113B9 /* output-lib-Backend */; };
		DCADEB122F5B6141004113B9 /* invoked.timestamp in Resources */ = {isa = PBXBuildFile; fileRef = DCADEAC72F5B6141004113B9 /* invoked.timestamp */; };
		DCADEB132F5B6141004113B9 /* work-products.bin in Resources */ = {isa = PBXBuildFile; fileRef = DCADEAF62F5B6141004113B9 /* work-products.bin */; };
		DCADEB142F5B6141004113B9 /* stdout in Resources */ = {isa = PBXBuildFile; fileRef = DCADEAFE2F5B6141004113B9 /* stdout */; };
		DCADEB152F5B6141004113B9 /* work-products.bin in Resources */ = {isa = PBXBuildFile; fileRef = DCADEAE32F5B6141004113B9 /* work-products.bin */; };
		DCADEB162F5B6141004113B9 /* Cargo.toml in Resources */ = {isa = PBXBuildFile; fileRef = DCADEB042F5B6141004113B9 /* Cargo.toml */; };
		DCADEB172F5B6141004113B9 /* s-hg2do8xgzn-1p3o0dg.lock in Resources */ = {isa = PBXBuildFile; fileRef = DCADEAF82F5B6141004113B9 /* s-hg2do8xgzn-1p3o0dg.lock */; };
		DCADEB182F5B6141004113B9 /* work-products.bin in Resources */ = {isa = PBXBuildFile; fileRef = DCADEAF02F5B6141004113B9 /* work-products.bin */; };
		DCADEB192F5B6141004113B9 /* dep-graph.part.bin in Resources */ = {isa = PBXBuildFile; fileRef = DCADEAE72F5B6141004113B9 /* dep-graph.part.bin */; };
		DCADEB1A2F5B6141004113B9 /* .rustc_info.json in Resources */ = {isa = PBXBuildFile; fileRef = DCADEB002F5B6141004113B9 /* .rustc_info.json */; };
		DCADEB1B2F5B6141004113B9 /* s-hg2do8oe61-0wlp0j3.lock in Resources */ = {isa = PBXBuildFile; fileRef = DCADEAE52F5B6141004113B9 /* s-hg2do8oe61-0wlp0j3.lock */; };
		DCADEB1C2F5B6141004113B9 /* dep-graph.bin in Resources */ = {isa = PBXBuildFile; fileRef = DCADEAE12F5B6141004113B9 /* dep-graph.bin */; };
		DCADEB1D2F5B6141004113B9 /* s-hg2do8x3ba-08shyqs.lock in Resources */ = {isa = PBXBuildFile; fileRef = DCADEAEB2F5B6141004113B9 /* s-hg2do8x3ba-08shyqs.lock */; };
		DCADEB1E2F5B6141004113B9 /* CACHEDIR.TAG in Resources */ = {isa = PBXBuildFile; fileRef = DCADEB012F5B6141004113B9 /* CACHEDIR.TAG */; };
		DCADEB1F2F5B6141004113B9 /* lib-Backend in Resources */ = {isa = PBXBuildFile; fileRef = DCADEAD22F5B6141004113B9 /* lib-Backend */; };
		DCADEB202F5B6141004113B9 /* test-lib-Backend in Resources */ = {isa = PBXBuildFile; fileRef = DCADEAC82F5B6141004113B9 /* test-lib-Backend */; };
		DCADEB212F5B6141004113B9 /* invoked.timestamp in Resources */ = {isa = PBXBuildFile; fileRef = DCADEAC22F5B6141004113B9 /* invoked.timestamp */; };
		DCADEB222F5B6141004113B9 /* libBackend-6448c8f08afe2c30.rmeta in Resources */ = {isa = PBXBuildFile; fileRef = DCADEADD2F5B6141004113B9 /* libBackend-6448c8f08afe2c30.rmeta */; };
		DCADEB232F5B6141004113B9 /* invoked.timestamp in Resources */ = {isa = PBXBuildFile; fileRef = DCADEAD12F5B6141004113B9 /* invoked.timestamp */; };
		DCADEB242F5B6141004113B9 /* libBackend-f978ca5a183958f5.rmeta in Resources */ = {isa = PBXBuildFile; fileRef = DCADEADE2F5B6141004113B9 /* libBackend-f978ca5a183958f5.rmeta */; };
		DCADEB252F5B6141004113B9 /* lib-Backend.json in Resources */ = {isa = PBXBuildFile; fileRef = DCADEAD32F5B6141004113B9 /* lib-Backend.json */; };
		DCADEB262F5B6141004113B9 /* dep-graph.bin in Resources */ = {isa = PBXBuildFile; fileRef = DCADEAF42F5B6141004113B9 /* dep-graph.bin */; };
		DCADEB272F5B6141004113B9 /* bin-Backend in Resources */ = {isa = PBXBuildFile; fileRef = DCADEACB2F5B6141004113B9 /* bin-Backend */; };
		DCADEB282F5B6141004113B9 /* .cargo-lock in Resources */ = {isa = PBXBuildFile; fileRef = DCADEAFB2F5B6141004113B9 /* .cargo-lock */; };
		DCADEB292F5B6141004113B9 /* dep-lib-Backend in Resources */ = {isa = PBXBuildFile; fileRef = DCADEAD02F5B6141004113B9 /* dep-lib-Backend */; };
		DCADEB2A2F5B6141004113B9 /* s-hg2do9kfnq-0j3ov5a.lock in Resources */ = {isa = PBXBuildFile; fileRef = DCADEAEC2F5B6141004113B9 /* s-hg2do9kfnq-0j3ov5a.lock */; };
		DCADEB2B2F5B6141004113B9 /* test-lib-Backend.json in Resources */ = {isa = PBXBuildFile; fileRef = DCADEAC92F5B6141004113B9 /* test-lib-Backend.json */; };
		DCADEB2C2F5B6141004113B9 /* test-bin-Backend in Resources */ = {isa = PBXBuildFile; fileRef = DCADEAC32F5B6141004113B9 /* test-bin-Backend */; };
		DCADEB2D2F5B6141004113B9 /* output-bin-Backend in Resources */ = {isa = PBXBuildFile; fileRef = DCADEACE2F5B6141004113B9 /* output-bin-Backend */; };
		DCADEB2E2F5B6141004113B9 /* Cargo.lock in Resources */ = {isa = PBXBuildFile; fileRef = DCADEB032F5B6141004113B9 /* Cargo.lock */; };
		DCADEB2F2F5B6141004113B9 /* test-bin-Backend.json in Resources */ = {isa = PBXBuildFile; fileRef = DCADEAC42F5B6141004113B9 /* test-bin-Backend.json */; };
		DCADEB302F5B6141004113B9 /* query-cache.bin in Resources */ = {isa = PBXBuildFile; fileRef = DCADEAEF2F5B6141004113B9 /* query-cache.bin */; };
		DCADEB312F5B6141004113B9 /* Backend-bc351bd4dfdaf330.d in Sources */ = {isa = PBXBuildFile; fileRef = DCADEADA2F5B6141004113B9 /* Backend-bc351bd4dfdaf330.d */; };
		DCADEB322F5B6141004113B9 /* Backend-f978ca5a183958f5.d in Sources */ = {isa = PBXBuildFile; fileRef = DCADEADB2F5B6141004113B9 /* Backend-f978ca5a183958f5.d */; };
		DCADEB332F5B6141004113B9 /* Backend-05fcd87594f41224.d in Sources */ = {isa = PBXBuildFile; fileRef = DCADEAD82F5B6141004113B9 /* Backend-05fcd87594f41224.d */; };
		DCADEB342F5B6141004113B9 /* Backend-6448c8f08afe2c30.d in Sources */ = {isa = PBXBuildFile; fileRef = DCADEAD92F5B6141004113B9 /* Backend-6448c8f08afe2c30.d */; };
/* End PBXBuildFile section */

/* Begin PBXFileReference section */
		DCABF3922F4C6BBA000FDF4E /* SafeMeshApp.swift */ = {isa = PBXFileReference; lastKnownFileType = sourcecode.swift; path = SafeMeshApp.swift; sourceTree = "<group>"; };
		DCABF3942F4C6BBA000FDF4E /* ContentView.swift */ = {isa = PBXFileReference; lastKnownFileType = sourcecode.swift; path = ContentView.swift; sourceTree = "<group>"; };
		DCABF3962F4C6BBB000FDF4E /* Assets.xcassets */ = {isa = PBXFileReference; lastKnownFileType = folder.assetcatalog; path = Assets.xcassets; sourceTree = "<group>"; };
		DCABF39F2F4C6BE3000FDF4E /* AlertView.swift */ = {isa = PBXFileReference; lastKnownFileType = sourcecode.swift; path = AlertView.swift; sourceTree = "<group>"; };
		DCABF3A02F4C6BE3000FDF4E /* ConnectionButton.swift */ = {isa = PBXFileReference; lastKnownFileType = sourcecode.swift; path = ConnectionButton.swift; sourceTree = "<group>"; };
		DCABF3A12F4C6BE3000FDF4E /* CountryFlag.swift */ = {isa = PBXFileReference; lastKnownFileType = sourcecode.swift; path = CountryFlag.swift; sourceTree = "<group>"; };
		DCABF3A22F4C6BE3000FDF4E /* LoadingView.swift */ = {isa = PBXFileReference; lastKnownFileType = sourcecode.swift; path = LoadingView.swift; sourceTree = "<group>"; };
		DCABF3A32F4C6BE3000FDF4E /* PingIndicator.swift */ = {isa = PBXFileReference; lastKnownFileType = sourcecode.swift; path = PingIndicator.swift; sourceTree = "<group>"; };
		DCABF3A42F4C6BE3000FDF4E /* ServerCard.swift */ = {isa = PBXFileReference; lastKnownFileType = sourcecode.swift; path = ServerCard.swift; sourceTree = "<group>"; };
		DCABF3A52F4C6BE3000FDF4E /* StatusIndicator.swift */ = {isa = PBXFileReference; lastKnownFileType = sourcecode.swift; path = StatusIndicator.swift; sourceTree = "<group>"; };
		DCABF3A72F4C6BE3000FDF4E /* APIServer.swift */ = {isa = PBXFileReference; lastKnownFileType = sourcecode.swift; path = APIServer.swift; sourceTree = "<group>"; };
		DCABF3A82F4C6BE3000FDF4E /* Configuration.swift */ = {isa = PBXFileReference; lastKnownFileType = sourcecode.swift; path = Configuration.swift; sourceTree = "<group>"; };
		DCABF3A92F4C6BE3000FDF4E /* Subscription.swift */ = {isa = PBXFileReference; lastKnownFileType = sourcecode.swift; path = Subscription.swift; sourceTree = "<group>"; };
		DCABF3AA2F4C6BE3000FDF4E /* Usage.swift */ = {isa = PBXFileReference; lastKnownFileType = sourcecode.swift; path = Usage.swift; sourceTree = "<group>"; };
		DCABF3AB2F4C6BE3000FDF4E /* User.swift */ = {isa = PBXFileReference; lastKnownFileType = sourcecode.swift; path = User.swift; sourceTree = "<group>"; };
		DCABF3AC2F4C6BE3000FDF4E /* VPNServer.swift */ = {isa = PBXFileReference; lastKnownFileType = sourcecode.swift; path = VPNServer.swift; sourceTree = "<group>"; };
		DCABF3AD2F4C6BE3000FDF4E /* VPNStatus.swift */ = {isa = PBXFileReference; lastKnownFileType = sourcecode.swift; path = VPNStatus.swift; sourceTree = "<group>"; };
		DCABF3AF2F4C6BE3000FDF4E /* Asset.xcassets */ = {isa = PBXFileReference; lastKnownFileType = text; path = Asset.xcassets; sourceTree = "<group>"; };
		DCABF3B12F4C6BE3000FDF4E /* PacketHandler.swift */ = {isa = PBXFileReference; lastKnownFileType = sourcecode.swift; path = PacketHandler.swift; sourceTree = "<group>"; };
		DCABF3B22F4C6BE3000FDF4E /* PacketTunnel.entitlements */ = {isa = PBXFileReference; lastKnownFileType = text.plist.entitlements; path = PacketTunnel.entitlements; sourceTree = "<group>"; };
		DCABF3B32F4C6BE3000FDF4E /* PacketTunnelProvider.swift */ = {isa = PBXFileReference; lastKnownFileType = sourcecode.swift; path = PacketTunnelProvider.swift; sourceTree = "<group>"; };
		DCABF3B42F4C6BE3000FDF4E /* TunnelConfiguration.swift */ = {isa = PBXFileReference; lastKnownFileType = sourcecode.swift; path = TunnelConfiguration.swift; sourceTree = "<group>"; };
		DCABF3B52F4C6BE3000FDF4E /* WireGuardTunnel.swift */ = {isa = PBXFileReference; lastKnownFileType = sourcecode.swift; path = WireGuardTunnel.swift; sourceTree = "<group>"; };
		DCABF3B82F4C6BE3000FDF4E /* APIClient.swift */ = {isa = PBXFileReference; lastKnownFileType = sourcecode.swift; path = APIClient.swift; sourceTree = "<group>"; };
		DCABF3B92F4C6BE3000FDF4E /* ConfigManager.swift */ = {isa = PBXFileReference; lastKnownFileType = sourcecode.swift; path = ConfigManager.swift; sourceTree = "<group>"; };
		DCABF3BA2F4C6BE3000FDF4E /* IPCManager.swift */ = {isa = PBXFileReference; lastKnownFileType = sourcecode.swift; path = IPCManager.swift; sourceTree = "<group>"; };
		DCABF3BB2F4C6BE3000FDF4E /* KeyManager.swift */ = {isa = PBXFileReference; lastKnownFileType = sourcecode.swift; path = KeyManager.swift; sourceTree = "<group>"; };
		DCABF3BC2F4C6BE3000FDF4E /* Logger.swift */ = {isa = PBXFileReference; lastKnownFileType = sourcecode.swift; path = Logger.swift; sourceTree = "<group>"; };
		DCABF3BD2F4C6BE3000FDF4E /* SecureStorage.swift */ = {isa = PBXFileReference; lastKnownFileType = sourcecode.swift; path = SecureStorage.swift; sourceTree = "<group>"; };
		DCABF3BE2F4C6BE3000FDF4E /* StatusObserver.swift */ = {isa = PBXFileReference; lastKnownFileType = sourcecode.swift; path = StatusObserver.swift; sourceTree = "<group>"; };
		DCABF3BF2F4C6BE3000FDF4E /* VPNManager.swift */ = {isa = PBXFileReference; lastKnownFileType = sourcecode.swift; path = VPNManager.swift; sourceTree = "<group>"; };
		DCABF3C22F4C6BE3000FDF4E /* Constants.swift */ = {isa = PBXFileReference; lastKnownFileType = sourcecode.swift; path = Constants.swift; sourceTree = "<group>"; };
		DCABF3C32F4C6BE3000FDF4E /* Extensions.swift */ = {isa = PBXFileReference; lastKnownFileType = sourcecode.swift; path = Extensions.swift; sourceTree = "<group>"; };
		DCABF3C42F4C6BE3000FDF4E /* Formatter.swift */ = {isa = PBXFileReference; lastKnownFileType = sourcecode.swift; path = Formatter.swift; sourceTree = "<group>"; };
		DCABF3C52F4C6BE3000FDF4E /* Theme.swift */ = {isa = PBXFileReference; lastKnownFileType = sourcecode.swift; path = Theme.swift; sourceTree = "<group>"; };
		DCABF3C62F4C6BE3000FDF4E /* Validator.swift */ = {isa = PBXFileReference; lastKnownFileType = sourcecode.swift; path = Validator.swift; sourceTree = "<group>"; };
		DCABF3C82F4C6BE3000FDF4E /* ConnectionStatusView.swift */ = {isa = PBXFileReference; lastKnownFileType = sourcecode.swift; path = ConnectionStatusView.swift; sourceTree = "<group>"; };
		DCABF3C92F4C6BE3000FDF4E /* HomeView.swift */ = {isa = PBXFileReference; lastKnownFileType = sourcecode.swift; path = HomeView.swift; sourceTree = "<group>"; };
		DCABF3CA2F4C6BE3000FDF4E /* LoginView.swift */ = {isa = PBXFileReference; lastKnownFileType = sourcecode.swift; path = LoginView.swift; sourceTree = "<group>"; };
		DCABF3CB2F4C6BE3000FDF4E /* MainTabView.swift */ = {isa = PBXFileReference; lastKnownFileType = sourcecode.swift; path = MainTabView.swift; sourceTree = "<group>"; };
		DCABF3CC2F4C6BE3000FDF4E /* OnboardingView.swift */ = {isa = PBXFileReference; lastKnownFileType = sourcecode.swift; path = OnboardingView.swift; sourceTree = "<group>"; };
		DCABF3CD2F4C6BE3000FDF4E /* ProfileView.swift */ = {isa = PBXFileReference; lastKnownFileType = sourcecode.swift; path = ProfileView.swift; sourceTree = "<group>"; };
		DCABF3CE2F4C6BE3000FDF4E /* ServerDetailView.swift */ = {isa = PBXFileReference; lastKnownFileType = sourcecode.swift; path = ServerDetailView.swift; sourceTree = "<group>"; };
		DCABF3CF2F4C6BE3000FDF4E /* ServerListView.swift */ = {isa = PBXFileReference; lastKnownFileType = sourcecode.swift; path = ServerListView.swift; sourceTree = "<group>"; };
		DCABF3D02F4C6BE3000FDF4E /* SettingsView.swift */ = {isa = PBXFileReference; lastKnownFileType = sourcecode.swift; path = SettingsView.swift; sourceTree = "<group>"; };
		DCABF3D12F4C6BE3000FDF4E /* SubscriptionView.swift */ = {isa = PBXFileReference; lastKnownFileType = sourcecode.swift; path = SubscriptionView.swift; sourceTree = "<group>"; };
		DCABF3D32F4C6BE3000FDF4E /* AuthViewModel.swift */ = {isa = PBXFileReference; lastKnownFileType = sourcecode.swift; path = AuthViewModel.swift; sourceTree = "<group>"; };
		DCABF3D42F4C6BE3000FDF4E /* ProfileViewModel.swift */ = {isa = PBXFileReference; lastKnownFileType = sourcecode.swift; path = ProfileViewModel.swift; sourceTree = "<group>"; };
		DCABF3D52F4C6BE3000FDF4E /* ServerViewModel.swift */ = {isa = PBXFileReference; lastKnownFileType = sourcecode.swift; path = ServerViewModel.swift; sourceTree = "<group>"; };
		DCABF3D62F4C6BE3000FDF4E /* SettingsViewModel.swift */ = {isa = PBXFileReference; lastKnownFileType = sourcecode.swift; path = SettingsViewModel.swift; sourceTree = "<group>"; };
		DCABF3D72F4C6BE3000FDF4E /* SubscriptionViewModel.swift */ = {isa = PBXFileReference; lastKnownFileType = sourcecode.swift; path = SubscriptionViewModel.swift; sourceTree = "<group>"; };
		DCABF3D82F4C6BE3000FDF4E /* VPNViewModel.swift */ = {isa = PBXFileReference; lastKnownFileType = sourcecode.swift; path = VPNViewModel.swift; sourceTree = "<group>"; };
		DCADEAB62F5B60CD004113B9 /* SafeMesh.app */ = {isa = PBXFileReference; explicitFileType = wrapper.application; includeInIndex = 0; path = SafeMesh.app; sourceTree = BUILT_PRODUCTS_DIR; };
		DCADEAC12F5B6141004113B9 /* dep-test-bin-Backend */ = {isa = PBXFileReference; lastKnownFileType = file; path = "dep-test-bin-Backend"; sourceTree = "<group>"; };
		DCADEAC22F5B6141004113B9 /* invoked.timestamp */ = {isa = PBXFileReference; lastKnownFileType = text; path = invoked.timestamp; sourceTree = "<group>"; };
		DCADEAC32F5B6141004113B9 /* test-bin-Backend */ = {isa = PBXFileReference; lastKnownFileType = text; path = "test-bin-Backend"; sourceTree = "<group>"; };
		DCADEAC42F5B6141004113B9 /* test-bin-Backend.json */ = {isa = PBXFileReference; lastKnownFileType = text.json; path = "test-bin-Backend.json"; sourceTree = "<group>"; };
		DCADEAC62F5B6141004113B9 /* dep-test-lib-Backend */ = {isa = PBXFileReference; lastKnownFileType = file; path = "dep-test-lib-Backend"; sourceTree = "<group>"; };
		DCADEAC72F5B6141004113B9 /* invoked.timestamp */ = {isa = PBXFileReference; lastKnownFileType = text; path = invoked.timestamp; sourceTree = "<group>"; };
		DCADEAC82F5B6141004113B9 /* test-lib-Backend */ = {isa = PBXFileReference; lastKnownFileType = text; path = "test-lib-Backend"; sourceTree = "<group>"; };
		DCADEAC92F5B6141004113B9 /* test-lib-Backend.json */ = {isa = PBXFileReference; lastKnownFileType = text.json; path = "test-lib-Backend.json"; sourceTree = "<group>"; };
		DCADEACB2F5B6141004113B9 /* bin-Backend */ = {isa = PBXFileReference; lastKnownFileType = text; path = "bin-Backend"; sourceTree = "<group>"; };
		DCADEACC2F5B6141004113B9 /* bin-Backend.json */ = {isa = PBXFileReference; lastKnownFileType = text.json; path = "bin-Backend.json"; sourceTree = "<group>"; };
		DCADEACD2F5B6141004113B9 /* invoked.timestamp */ = {isa = PBXFileReference; lastKnownFileType = text; path = invoked.timestamp; sourceTree = "<group>"; };
		DCADEACE2F5B6141004113B9 /* output-bin-Backend */ = {isa = PBXFileReference; lastKnownFileType = text; path = "output-bin-Backend"; sourceTree = "<group>"; };
		DCADEAD02F5B6141004113B9 /* dep-lib-Backend */ = {isa = PBXFileReference; lastKnownFileType = file; path = "dep-lib-Backend"; sourceTree = "<group>"; };
		DCADEAD12F5B6141004113B9 /* invoked.timestamp */ = {isa = PBXFileReference; lastKnownFileType = text; path = invoked.timestamp; sourceTree = "<group>"; };
		DCADEAD22F5B6141004113B9 /* lib-Backend */ = {isa = PBXFileReference; lastKnownFileType = text; path = "lib-Backend"; sourceTree = "<group>"; };
		DCADEAD32F5B6141004113B9 /* lib-Backend.json */ = {isa = PBXFileReference; lastKnownFileType = text.json; path = "lib-Backend.json"; sourceTree = "<group>"; };
		DCADEAD42F5B6141004113B9 /* output-lib-Backend */ = {isa = PBXFileReference; lastKnownFileType = text; path = "output-lib-Backend"; sourceTree = "<group>"; };
		DCADEAD82F5B6141004113B9 /* Backend-05fcd87594f41224.d */ = {isa = PBXFileReference; lastKnownFileType = sourcecode.dtrace; path = "Backend-05fcd87594f41224.d"; sourceTree = "<group>"; };
		DCADEAD92F5B6141004113B9 /* Backend-6448c8f08afe2c30.d */ = {isa = PBXFileReference; lastKnownFileType = sourcecode.dtrace; path = "Backend-6448c8f08afe2c30.d"; sourceTree = "<group>"; };
		DCADEADA2F5B6141004113B9 /* Backend-bc351bd4dfdaf330.d */ = {isa = PBXFileReference; lastKnownFileType = sourcecode.dtrace; path = "Backend-bc351bd4dfdaf330.d"; sourceTree = "<group>"; };
		DCADEADB2F5B6141004113B9 /* Backend-f978ca5a183958f5.d */ = {isa = PBXFileReference; lastKnownFileType = sourcecode.dtrace; path = "Backend-f978ca5a183958f5.d"; sourceTree = "<group>"; };
		DCADEADC2F5B6141004113B9 /* libBackend-05fcd87594f41224.rmeta */ = {isa = PBXFileReference; lastKnownFileType = text; path = "libBackend-05fcd87594f41224.rmeta"; sourceTree = "<group>"; };
		DCADEADD2F5B6141004113B9 /* libBackend-6448c8f08afe2c30.rmeta */ = {isa = PBXFileReference; lastKnownFileType = text; path = "libBackend-6448c8f08afe2c30.rmeta"; sourceTree = "<group>"; };
		DCADEADE2F5B6141004113B9 /* libBackend-f978ca5a183958f5.rmeta */ = {isa = PBXFileReference; lastKnownFileType = file; path = "libBackend-f978ca5a183958f5.rmeta"; sourceTree = "<group>"; };
		DCADEAE12F5B6141004113B9 /* dep-graph.bin */ = {isa = PBXFileReference; lastKnownFileType = archive.macbinary; path = "dep-graph.bin"; sourceTree = "<group>"; };
		DCADEAE22F5B6141004113B9 /* query-cache.bin */ = {isa = PBXFileReference; lastKnownFileType = archive.macbinary; path = "query-cache.bin"; sourceTree = "<group>"; };
		DCADEAE32F5B6141004113B9 /* work-products.bin */ = {isa = PBXFileReference; lastKnownFileType = archive.macbinary; path = "work-products.bin"; sourceTree = "<group>"; };
		DCADEAE52F5B6141004113B9 /* s-hg2do8oe61-0wlp0j3.lock */ = {isa = PBXFileReference; lastKnownFileType = text; path = "s-hg2do8oe61-0wlp0j3.lock"; sourceTree = "<group>"; };
		DCADEAE72F5B6141004113B9 /* dep-graph.part.bin */ = {isa = PBXFileReference; lastKnownFileType = archive.macbinary; path = "dep-graph.part.bin"; sourceTree = "<group>"; };
		DCADEAE92F5B6141004113B9 /* dep-graph.part.bin */ = {isa = PBXFileReference; lastKnownFileType = archive.macbinary; path = "dep-graph.part.bin"; sourceTree = "<group>"; };
		DCADEAEB2F5B6141004113B9 /* s-hg2do8x3ba-08shyqs.lock */ = {isa = PBXFileReference; lastKnownFileType = text; path = "s-hg2do8x3ba-08shyqs.lock"; sourceTree = "<group>"; };
		DCADEAEC2F5B6141004113B9 /* s-hg2do9kfnq-0j3ov5a.lock */ = {isa = PBXFileReference; lastKnownFileType = text; path = "s-hg2do9kfnq-0j3ov5a.lock"; sourceTree = "<group>"; };
		DCADEAEE2F5B6141004113B9 /* dep-graph.bin */ = {isa = PBXFileReference; lastKnownFileType = archive.macbinary; path = "dep-graph.bin"; sourceTree = "<group>"; };
		DCADEAEF2F5B6141004113B9 /* query-cache.bin */ = {isa = PBXFileReference; lastKnownFileType = archive.macbinary; path = "query-cache.bin"; sourceTree = "<group>"; };
		DCADEAF02F5B6141004113B9 /* work-products.bin */ = {isa = PBXFileReference; lastKnownFileType = archive.macbinary; path = "work-products.bin"; sourceTree = "<group>"; };
		DCADEAF22F5B6141004113B9 /* s-hg2do8oewv-1mvb6ve.lock */ = {isa = PBXFileReference; lastKnownFileType = text; path = "s-hg2do8oewv-1mvb6ve.lock"; sourceTree = "<group>"; };
		DCADEAF42F5B6141004113B9 /* dep-graph.bin */ = {isa = PBXFileReference; lastKnownFileType = archive.macbinary; path = "dep-graph.bin"; sourceTree = "<group>"; };
		DCADEAF52F5B6141004113B9 /* query-cache.bin */ = {isa = PBXFileReference; lastKnownFileType = archive.macbinary; path = "query-cache.bin"; sourceTree = "<group>"; };
		DCADEAF62F5B6141004113B9 /* work-products.bin */ = {isa = PBXFileReference; lastKnownFileType = archive.macbinary; path = "work-products.bin"; sourceTree = "<group>"; };
		DCADEAF82F5B6141004113B9 /* s-hg2do8xgzn-1p3o0dg.lock */ = {isa = PBXFileReference; lastKnownFileType = text; path = "s-hg2do8xgzn-1p3o0dg.lock"; sourceTree = "<group>"; };
		DCADEAFB2F5B6141004113B9 /* .cargo-lock */ = {isa = PBXFileReference; lastKnownFileType = text; path = ".cargo-lock"; sourceTree = "<group>"; };
		DCADEAFD2F5B6141004113B9 /* stderr */ = {isa = PBXFileReference; lastKnownFileType = text; path = stderr; sourceTree = "<group>"; };
		DCADEAFE2F5B6141004113B9 /* stdout */ = {isa = PBXFileReference; lastKnownFileType = text; path = stdout; sourceTree = "<group>"; };
		DCADEB002F5B6141004113B9 /* .rustc_info.json */ = {isa = PBXFileReference; lastKnownFileType = text.json; path = .rustc_info.json; sourceTree = "<group>"; };
		DCADEB012F5B6141004113B9 /* CACHEDIR.TAG */ = {isa = PBXFileReference; lastKnownFileType = text; path = CACHEDIR.TAG; sourceTree = "<group>"; };
		DCADEB032F5B6141004113B9 /* Cargo.lock */ = {isa = PBXFileReference; lastKnownFileType = text; path = Cargo.lock; sourceTree = "<group>"; };
		DCADEB042F5B6141004113B9 /* Cargo.toml */ = {isa = PBXFileReference; lastKnownFileType = text; path = Cargo.toml; sourceTree = "<group>"; };
/* End PBXFileReference section */

/* Begin PBXFrameworksBuildPhase section */
		DCABF38C2F4C6BBA000FDF4E /* Frameworks */ = {
			isa = PBXFrameworksBuildPhase;
			buildActionMask = 2147483647;
			files = (
			);
			runOnlyForDeploymentPostprocessing = 0;
		};
/* End PBXFrameworksBuildPhase section */

/* Begin PBXGroup section */
		DCABF3862F4C6BBA000FDF4E = {
			isa = PBXGroup;
			children = (
				DCABF3DC2F4C6BE3000FDF4E /* Frontend */,
				DCABF4602F4C6C7F000FDF4E /* Documentation */,
				DCABF4612F4C6C7F000FDF4E /* Infrastructure */,
				DCABF4622F4C6C7F000FDF4E /* VPN-Server */,
				DCABF4632F4C6C7F000FDF4E /* Config Files */,
				DCADEAB62F5B60CD004113B9 /* SafeMesh.app */,
				DCADEB052F5B6141004113B9 /* Backend */,
			);
			sourceTree = "<group>";
		};
		DCABF3A62F4C6BE3000FDF4E /* Components */ = {
			isa = PBXGroup;
			children = (
				DCABF39F2F4C6BE3000FDF4E /* AlertView.swift */,
				DCABF3A02F4C6BE3000FDF4E /* ConnectionButton.swift */,
				DCABF3A12F4C6BE3000FDF4E /* CountryFlag.swift */,
				DCABF3A22F4C6BE3000FDF4E /* LoadingView.swift */,
				DCABF3A32F4C6BE3000FDF4E /* PingIndicator.swift */,
				DCABF3A42F4C6BE3000FDF4E /* ServerCard.swift */,
				DCABF3A52F4C6BE3000FDF4E /* StatusIndicator.swift */,
			);
			path = Components;
			sourceTree = "<group>";
		};
		DCABF3AE2F4C6BE3000FDF4E /* Models */ = {
			isa = PBXGroup;
			children = (
				DCABF3A72F4C6BE3000FDF4E /* APIServer.swift */,
				DCABF3A82F4C6BE3000FDF4E /* Configuration.swift */,
				DCABF3A92F4C6BE3000FDF4E /* Subscription.swift */,
				DCABF3AA2F4C6BE3000FDF4E /* Usage.swift */,
				DCABF3AB2F4C6BE3000FDF4E /* User.swift */,
				DCABF3AC2F4C6BE3000FDF4E /* VPNServer.swift */,
				DCABF3AD2F4C6BE3000FDF4E /* VPNStatus.swift */,
			);
			path = Models;
			sourceTree = "<group>";
		};
		DCABF3B62F4C6BE3000FDF4E /* PacketTunnelExtension */ = {
			isa = PBXGroup;
			children = (
				DCABF3AF2F4C6BE3000FDF4E /* Asset.xcassets */,
				DCABF3B12F4C6BE3000FDF4E /* PacketHandler.swift */,
				DCABF3B22F4C6BE3000FDF4E /* PacketTunnel.entitlements */,
				DCABF3B32F4C6BE3000FDF4E /* PacketTunnelProvider.swift */,
				DCABF3B42F4C6BE3000FDF4E /* TunnelConfiguration.swift */,
				DCABF3B52F4C6BE3000FDF4E /* WireGuardTunnel.swift */,
			);
			path = PacketTunnelExtension;
			sourceTree = "<group>";
		};
		DCABF3B72F4C6BE3000FDF4E /* Resources */ = {
			isa = PBXGroup;
			children = (
			);
			path = Resources;
			sourceTree = "<group>";
		};
		DCABF3C02F4C6BE3000FDF4E /* Services */ = {
			isa = PBXGroup;
			children = (
				DCABF3B82F4C6BE3000FDF4E /* APIClient.swift */,
				DCABF3B92F4C6BE3000FDF4E /* ConfigManager.swift */,
				DCABF3BA2F4C6BE3000FDF4E /* IPCManager.swift */,
				DCABF3BB2F4C6BE3000FDF4E /* KeyManager.swift */,
				DCABF3BC2F4C6BE3000FDF4E /* Logger.swift */,
				DCABF3BD2F4C6BE3000FDF4E /* SecureStorage.swift */,
				DCABF3BE2F4C6BE3000FDF4E /* StatusObserver.swift */,
				DCABF3BF2F4C6BE3000FDF4E /* VPNManager.swift */,
			);
			path = Services;
			sourceTree = "<group>";
		};
		DCABF3C12F4C6BE3000FDF4E /* Tests */ = {
			isa = PBXGroup;
			children = (
			);
			path = Tests;
			sourceTree = "<group>";
		};
		DCABF3C72F4C6BE3000FDF4E /* Utilities */ = {
			isa = PBXGroup;
			children = (
				DCABF3C22F4C6BE3000FDF4E /* Constants.swift */,
				DCABF3C32F4C6BE3000FDF4E /* Extensions.swift */,
				DCABF3C42F4C6BE3000FDF4E /* Formatter.swift */,
				DCABF3C52F4C6BE3000FDF4E /* Theme.swift */,
				DCABF3C62F4C6BE3000FDF4E /* Validator.swift */,
			);
			path = Utilities;
			sourceTree = "<group>";
		};
		DCABF3D22F4C6BE3000FDF4E /* Views */ = {
			isa = PBXGroup;
			children = (
				DCABF3C82F4C6BE3000FDF4E /* ConnectionStatusView.swift */,
				DCABF3C92F4C6BE3000FDF4E /* HomeView.swift */,
				DCABF3CA2F4C6BE3000FDF4E /* LoginView.swift */,
				DCABF3CB2F4C6BE3000FDF4E /* MainTabView.swift */,
				DCABF3CC2F4C6BE3000FDF4E /* OnboardingView.swift */,
				DCABF3CD2F4C6BE3000FDF4E /* ProfileView.swift */,
				DCABF3CE2F4C6BE3000FDF4E /* ServerDetailView.swift */,
				DCABF3CF2F4C6BE3000FDF4E /* ServerListView.swift */,
				DCABF3D02F4C6BE3000FDF4E /* SettingsView.swift */,
				DCABF3D12F4C6BE3000FDF4E /* SubscriptionView.swift */,
			);
			path = Views;
			sourceTree = "<group>";
		};
		DCABF3D92F4C6BE3000FDF4E /* ViewsModel */ = {
			isa = PBXGroup;
			children = (
				DCABF3D32F4C6BE3000FDF4E /* AuthViewModel.swift */,
				DCABF3D42F4C6BE3000FDF4E /* ProfileViewModel.swift */,
				DCABF3D52F4C6BE3000FDF4E /* ServerViewModel.swift */,
				DCABF3D62F4C6BE3000FDF4E /* SettingsViewModel.swift */,
				DCABF3D72F4C6BE3000FDF4E /* SubscriptionViewModel.swift */,
				DCABF3D82F4C6BE3000FDF4E /* VPNViewModel.swift */,
			);
			path = ViewsModel;
			sourceTree = "<group>";
		};
		DCABF3DB2F4C6BE3000FDF4E /* VPNApp */ = {
			isa = PBXGroup;
			children = (
				DCABF3942F4C6BBA000FDF4E /* ContentView.swift */,
			);
			path = VPNApp;
			sourceTree = "<group>";
		};
		DCABF3DC2F4C6BE3000FDF4E /* Frontend */ = {
			isa = PBXGroup;
			children = (
				DCABF3A62F4C6BE3000FDF4E /* Components */,
				DCABF3AE2F4C6BE3000FDF4E /* Models */,
				DCABF3B62F4C6BE3000FDF4E /* PacketTunnelExtension */,
				DCABF3B72F4C6BE3000FDF4E /* Resources */,
				DCABF3C02F4C6BE3000FDF4E /* Services */,
				DCABF3C12F4C6BE3000FDF4E /* Tests */,
				DCABF3C72F4C6BE3000FDF4E /* Utilities */,
				DCABF3D22F4C6BE3000FDF4E /* Views */,
				DCABF3D92F4C6BE3000FDF4E /* ViewsModel */,
				DCABF3DB2F4C6BE3000FDF4E /* VPNApp */,
				DCABF3922F4C6BBA000FDF4E /* SafeMeshApp.swift */,
				DCABF3962F4C6BBB000FDF4E /* Assets.xcassets */,
			);
			path = Frontend;
			sourceTree = "<group>";
		};
		DCABF4602F4C6C7F000FDF4E /* Documentation */ = {
			isa = PBXGroup;
			children = (
			);
			path = Documentation;
			sourceTree = "<group>";
		};
		DCABF4612F4C6C7F000FDF4E /* Infrastructure */ = {
			isa = PBXGroup;
			children = (
			);
			path = Infrastructure;
			sourceTree = "<group>";
		};
		DCABF4622F4C6C7F000FDF4E /* VPN-Server */ = {
			isa = PBXGroup;
			children = (
			);
			path = "VPN-Server";
			sourceTree = "<group>";
		};
		DCABF4632F4C6C7F000FDF4E /* Config Files */ = {
			isa = PBXGroup;
			children = (
			);
			path = "Config Files";
			sourceTree = "<group>";
		};
		DCADEAB72F5B6141004113B9 /* config */ = {
			isa = PBXGroup;
			children = (
			);
			path = config;
			sourceTree = "<group>";
		};
		DCADEAB82F5B6141004113B9 /* db */ = {
			isa = PBXGroup;
			children = (
			);
			path = db;
			sourceTree = "<group>";
		};
		DCADEAB92F5B6141004113B9 /* errors */ = {
			isa = PBXGroup;
			children = (
			);
			path = errors;
			sourceTree = "<group>";
		};
		DCADEABA2F5B6141004113B9 /* middleware */ = {
			isa = PBXGroup;
			children = (
			);
			path = middleware;
			sourceTree = "<group>";
		};
		DCADEABB2F5B6141004113B9 /* migrations */ = {
			isa = PBXGroup;
			children = (
			);
			path = migrations;
			sourceTree = "<group>";
		};
		DCADEABC2F5B6141004113B9 /* seeds */ = {
			isa = PBXGroup;
			children = (
			);
			path = seeds;
			sourceTree = "<group>";
		};
		DCADEABD2F5B6141004113B9 /* services */ = {
			isa = PBXGroup;
			children = (
			);
			path = services;
			sourceTree = "<group>";
		};
		DCADEABE2F5B6141004113B9 /* tests */ = {
			isa = PBXGroup;
			children = (
			);
			path = tests;
			sourceTree = "<group>";
		};
		DCADEABF2F5B6141004113B9 /* utils */ = {
			isa = PBXGroup;
			children = (
			);
			path = utils;
			sourceTree = "<group>";
		};
		DCADEAC02F5B6141004113B9 /* Src */ = {
			isa = PBXGroup;
			children = (
				DCADEAB72F5B6141004113B9 /* config */,
				DCADEAB82F5B6141004113B9 /* db */,
				DCADEAB92F5B6141004113B9 /* errors */,
				DCADEABA2F5B6141004113B9 /* middleware */,
				DCADEABB2F5B6141004113B9 /* migrations */,
				DCADEABC2F5B6141004113B9 /* seeds */,
				DCADEABD2F5B6141004113B9 /* services */,
				DCADEABE2F5B6141004113B9 /* tests */,
				DCADEABF2F5B6141004113B9 /* utils */,
			);
			path = Src;
			sourceTree = "<group>";
		};
		DCADEAC52F5B6141004113B9 /* Backend-05fcd87594f41224 */ = {
			isa = PBXGroup;
			children = (
				DCADEAC12F5B6141004113B9 /* dep-test-bin-Backend */,
				DCADEAC22F5B6141004113B9 /* invoked.timestamp */,
				DCADEAC32F5B6141004113B9 /* test-bin-Backend */,
				DCADEAC42F5B6141004113B9 /* test-bin-Backend.json */,
			);
			path = "Backend-05fcd87594f41224";
			sourceTree = "<group>";
		};
		DCADEACA2F5B6141004113B9 /* Backend-6448c8f08afe2c30 */ = {
			isa = PBXGroup;
			children = (
				DCADEAC62F5B6141004113B9 /* dep-test-lib-Backend */,
				DCADEAC72F5B6141004113B9 /* invoked.timestamp */,
				DCADEAC82F5B6141004113B9 /* test-lib-Backend */,
				DCADEAC92F5B6141004113B9 /* test-lib-Backend.json */,
			);
			path = "Backend-6448c8f08afe2c30";
			sourceTree = "<group>";
		};
		DCADEACF2F5B6141004113B9 /* Backend-bc351bd4dfdaf330 */ = {
			isa = PBXGroup;
			children = (
				DCADEACB2F5B6141004113B9 /* bin-Backend */,
				DCADEACC2F5B6141004113B9 /* bin-Backend.json */,
				DCADEACD2F5B6141004113B9 /* invoked.timestamp */,
				DCADEACE2F5B6141004113B9 /* output-bin-Backend */,
			);
			path = "Backend-bc351bd4dfdaf330";
			sourceTree = "<group>";
		};
		DCADEAD52F5B6141004113B9 /* Backend-f978ca5a183958f5 */ = {
			isa = PBXGroup;
			children = (
				DCADEAD02F5B6141004113B9 /* dep-lib-Backend */,
				DCADEAD12F5B6141004113B9 /* invoked.timestamp */,
				DCADEAD22F5B6141004113B9 /* lib-Backend */,
				DCADEAD32F5B6141004113B9 /* lib-Backend.json */,
				DCADEAD42F5B6141004113B9 /* output-lib-Backend */,
			);
			path = "Backend-f978ca5a183958f5";
			sourceTree = "<group>";
		};
		DCADEAD62F5B6141004113B9 /* .fingerprint */ = {
			isa = PBXGroup;
			children = (
				DCADEAC52F5B6141004113B9 /* Backend-05fcd87594f41224 */,
				DCADEACA2F5B6141004113B9 /* Backend-6448c8f08afe2c30 */,
				DCADEACF2F5B6141004113B9 /* Backend-bc351bd4dfdaf330 */,
				DCADEAD52F5B6141004113B9 /* Backend-f978ca5a183958f5 */,
			);
			path = .fingerprint;
			sourceTree = "<group>";
		};
		DCADEAD72F5B6141004113B9 /* build */ = {
			isa = PBXGroup;
			children = (
			);
			path = build;
			sourceTree = "<group>";
		};
		DCADEADF2F5B6141004113B9 /* deps */ = {
			isa = PBXGroup;
			children = (
				DCADEAD82F5B6141004113B9 /* Backend-05fcd87594f41224.d */,
				DCADEAD92F5B6141004113B9 /* Backend-6448c8f08afe2c30.d */,
				DCADEADA2F5B6141004113B9 /* Backend-bc351bd4dfdaf330.d */,
				DCADEADB2F5B6141004113B9 /* Backend-f978ca5a183958f5.d */,
				DCADEADC2F5B6141004113B9 /* libBackend-05fcd87594f41224.rmeta */,
				DCADEADD2F5B6141004113B9 /* libBackend-6448c8f08afe2c30.rmeta */,
				DCADEADE2F5B6141004113B9 /* libBackend-f978ca5a183958f5.rmeta */,
			);
			path = deps;
			sourceTree = "<group>";
		};
		DCADEAE02F5B6141004113B9 /* examples */ = {
			isa = PBXGroup;
			children = (
			);
			path = examples;
			sourceTree = "<group>";
		};
		DCADEAE42F5B6141004113B9 /* s-hg2do8oe61-0wlp0j3-dz2xewts3fjnt3pv8seepwzh6 */ = {
			isa = PBXGroup;
			children = (
				DCADEAE12F5B6141004113B9 /* dep-graph.bin */,
				DCADEAE22F5B6141004113B9 /* query-cache.bin */,
				DCADEAE32F5B6141004113B9 /* work-products.bin */,
			);
			path = "s-hg2do8oe61-0wlp0j3-dz2xewts3fjnt3pv8seepwzh6";
			sourceTree = "<group>";
		};
		DCADEAE62F5B6141004113B9 /* Backend-0lyoovh2yk9nl */ = {
			isa = PBXGroup;
			children = (
				DCADEAE42F5B6141004113B9 /* s-hg2do8oe61-0wlp0j3-dz2xewts3fjnt3pv8seepwzh6 */,
				DCADEAE52F5B6141004113B9 /* s-hg2do8oe61-0wlp0j3.lock */,
			);
			path = "Backend-0lyoovh2yk9nl";
			sourceTree = "<group>";
		};
		DCADEAE82F5B6141004113B9 /* s-hg2do8x3ba-08shyqs-working */ = {
			isa = PBXGroup;
			children = (
				DCADEAE72F5B6141004113B9 /* dep-graph.part.bin */,
			);
			path = "s-hg2do8x3ba-08shyqs-working";
			sourceTree = "<group>";
		};
		DCADEAEA2F5B6141004113B9 /* s-hg2do9kfnq-0j3ov5a-working */ = {
			isa = PBXGroup;
			children = (
				DCADEAE92F5B6141004113B9 /* dep-graph.part.bin */,
			);
			path = "s-hg2do9kfnq-0j3ov5a-working";
			sourceTree = "<group>";
		};
		DCADEAED2F5B6141004113B9 /* Backend-2rhs1u0ip5fe3 */ = {
			isa = PBXGroup;
			children = (
				DCADEAE82F5B6141004113B9 /* s-hg2do8x3ba-08shyqs-working */,
				DCADEAEA2F5B6141004113B9 /* s-hg2do9kfnq-0j3ov5a-working */,
				DCADEAEB2F5B6141004113B9 /* s-hg2do8x3ba-08shyqs.lock */,
				DCADEAEC2F5B6141004113B9 /* s-hg2do9kfnq-0j3ov5a.lock */,
			);
			path = "Backend-2rhs1u0ip5fe3";
			sourceTree = "<group>";
		};
		DCADEAF12F5B6141004113B9 /* s-hg2do8oewv-1mvb6ve-5d7m8xmdthuf2g3u2l2tor8el */ = {
			isa = PBXGroup;
			children = (
				DCADEAEE2F5B6141004113B9 /* dep-graph.bin */,
				DCADEAEF2F5B6141004113B9 /* query-cache.bin */,
				DCADEAF02F5B6141004113B9 /* work-products.bin */,
			);
			path = "s-hg2do8oewv-1mvb6ve-5d7m8xmdthuf2g3u2l2tor8el";
			sourceTree = "<group>";
		};
		DCADEAF32F5B6141004113B9 /* Backend-2xsthncj96lqj */ = {
			isa = PBXGroup;
			children = (
				DCADEAF12F5B6141004113B9 /* s-hg2do8oewv-1mvb6ve-5d7m8xmdthuf2g3u2l2tor8el */,
				DCADEAF22F5B6141004113B9 /* s-hg2do8oewv-1mvb6ve.lock */,
			);
			path = "Backend-2xsthncj96lqj";
			sourceTree = "<group>";
		};
		DCADEAF72F5B6141004113B9 /* s-hg2do8xgzn-1p3o0dg-a90zv2ify6xll6sprx4as3inm */ = {
			isa = PBXGroup;
			children = (
				DCADEAF42F5B6141004113B9 /* dep-graph.bin */,
				DCADEAF52F5B6141004113B9 /* query-cache.bin */,
				DCADEAF62F5B6141004113B9 /* work-products.bin */,
			);
			path = "s-hg2do8xgzn-1p3o0dg-a90zv2ify6xll6sprx4as3inm";
			sourceTree = "<group>";
		};
		DCADEAF92F5B6141004113B9 /* Backend-3aeulqqxqh2cy */ = {
			isa = PBXGroup;
			children = (
				DCADEAF72F5B6141004113B9 /* s-hg2do8xgzn-1p3o0dg-a90zv2ify6xll6sprx4as3inm */,
				DCADEAF82F5B6141004113B9 /* s-hg2do8xgzn-1p3o0dg.lock */,
			);
			path = "Backend-3aeulqqxqh2cy";
			sourceTree = "<group>";
		};
		DCADEAFA2F5B6141004113B9 /* incremental */ = {
			isa = PBXGroup;
			children = (
				DCADEAE62F5B6141004113B9 /* Backend-0lyoovh2yk9nl */,
				DCADEAED2F5B6141004113B9 /* Backend-2rhs1u0ip5fe3 */,
				DCADEAF32F5B6141004113B9 /* Backend-2xsthncj96lqj */,
				DCADEAF92F5B6141004113B9 /* Backend-3aeulqqxqh2cy */,
			);
			path = incremental;
			sourceTree = "<group>";
		};
		DCADEAFC2F5B6141004113B9 /* debug */ = {
			isa = PBXGroup;
			children = (
				DCADEAD62F5B6141004113B9 /* .fingerprint */,
				DCADEAD72F5B6141004113B9 /* build */,
				DCADEADF2F5B6141004113B9 /* deps */,
				DCADEAE02F5B6141004113B9 /* examples */,
				DCADEAFA2F5B6141004113B9 /* incremental */,
				DCADEAFB2F5B6141004113B9 /* .cargo-lock */,
			);
			path = debug;
			sourceTree = "<group>";
		};
		DCADEAFF2F5B6141004113B9 /* flycheck0 */ = {
			isa = PBXGroup;
			children = (
				DCADEAFD2F5B6141004113B9 /* stderr */,
				DCADEAFE2F5B6141004113B9 /* stdout */,
			);
			path = flycheck0;
			sourceTree = "<group>";
		};
		DCADEB022F5B6141004113B9 /* target */ = {
			isa = PBXGroup;
			children = (
				DCADEAFC2F5B6141004113B9 /* debug */,
				DCADEAFF2F5B6141004113B9 /* flycheck0 */,
				DCADEB002F5B6141004113B9 /* .rustc_info.json */,
				DCADEB012F5B6141004113B9 /* CACHEDIR.TAG */,
			);
			path = target;
			sourceTree = "<group>";
		};
		DCADEB052F5B6141004113B9 /* Backend */ = {
			isa = PBXGroup;
			children = (
				DCADEAC02F5B6141004113B9 /* Src */,
				DCADEB022F5B6141004113B9 /* target */,
				DCADEB032F5B6141004113B9 /* Cargo.lock */,
				DCADEB042F5B6141004113B9 /* Cargo.toml */,
			);
			path = Backend;
			sourceTree = "<group>";
		};
/* End PBXGroup section */

/* Begin PBXNativeTarget section */
		DCABF38E2F4C6BBA000FDF4E /* SafeMesh */ = {
			isa = PBXNativeTarget;
			buildConfigurationList = DCABF39A2F4C6BBB000FDF4E /* Build configuration list for PBXNativeTarget "SafeMesh" */;
			buildPhases = (
				DCABF38B2F4C6BBA000FDF4E /* Sources */,
				DCABF38C2F4C6BBA000FDF4E /* Frameworks */,
				DCABF38D2F4C6BBA000FDF4E /* Resources */,
			);
			buildRules = (
			);
			dependencies = (
			);
			name = SafeMesh;
			packageProductDependencies = (
			);
			productName = SafeMesh;
			productReference = DCADEAB62F5B60CD004113B9 /* SafeMesh.app */;
			productType = "com.apple.product-type.application";
		};
/* End PBXNativeTarget section */

/* Begin PBXProject section */
		DCABF3872F4C6BBA000FDF4E /* Project object */ = {
			isa = PBXProject;
			attributes = {
				BuildIndependentTargetsInParallel = 1;
				LastSwiftUpdateCheck = 2620;
				LastUpgradeCheck = 2620;
				TargetAttributes = {
					DCABF38E2F4C6BBA000FDF4E = {
						CreatedOnToolsVersion = 26.2;
					};
				};
			};
			buildConfigurationList = DCABF38A2F4C6BBA000FDF4E /* Build configuration list for PBXProject "SafeMesh" */;
			developmentRegion = en;
			hasScannedForEncodings = 0;
			knownRegions = (
				en,
				Base,
			);
			mainGroup = DCABF3862F4C6BBA000FDF4E;
			minimizedProjectReferenceProxies = 1;
			preferredProjectObjectVersion = 77;
			productRefGroup = DCABF3862F4C6BBA000FDF4E;
			projectDirPath = "";
			projectRoot = "";
			targets = (
				DCABF38E2F4C6BBA000FDF4E /* SafeMesh */,
			);
		};
/* End PBXProject section */

/* Begin PBXResourcesBuildPhase section */
		DCABF38D2F4C6BBA000FDF4E /* Resources */ = {
			isa = PBXResourcesBuildPhase;
			buildActionMask = 2147483647;
			files = (
				DCABF3972F4C6BBB000FDF4E /* Assets.xcassets in Resources */,
				DCADEB062F5B6141004113B9 /* invoked.timestamp in Resources */,
				DCADEB072F5B6141004113B9 /* query-cache.bin in Resources */,
				DCADEB082F5B6141004113B9 /* libBackend-05fcd87594f41224.rmeta in Resources */,
				DCADEB092F5B6141004113B9 /* query-cache.bin in Resources */,
				DCADEB0A2F5B6141004113B9 /* stderr in Resources */,
				DCADEB0B2F5B6141004113B9 /* dep-graph.bin in Resources */,
				DCADEB0C2F5B6141004113B9 /* dep-graph.part.bin in Resources */,
				DCADEB0D2F5B6141004113B9 /* bin-Backend.json in Resources */,
				DCADEB0E2F5B6141004113B9 /* dep-test-lib-Backend in Resources */,
				DCADEB0F2F5B6141004113B9 /* s-hg2do8oewv-1mvb6ve.lock in Resources */,
				DCADEB102F5B6141004113B9 /* dep-test-bin-Backend in Resources */,
				DCADEB112F5B6141004113B9 /* output-lib-Backend in Resources */,
				DCADEB122F5B6141004113B9 /* invoked.timestamp in Resources */,
				DCADEB132F5B6141004113B9 /* work-products.bin in Resources */,
				DCADEB142F5B6141004113B9 /* stdout in Resources */,
				DCADEB152F5B6141004113B9 /* work-products.bin in Resources */,
				DCADEB162F5B6141004113B9 /* Cargo.toml in Resources */,
				DCADEB172F5B6141004113B9 /* s-hg2do8xgzn-1p3o0dg.lock in Resources */,
				DCADEB182F5B6141004113B9 /* work-products.bin in Resources */,
				DCADEB192F5B6141004113B9 /* dep-graph.part.bin in Resources */,
				DCADEB1A2F5B6141004113B9 /* .rustc_info.json in Resources */,
				DCADEB1B2F5B6141004113B9 /* s-hg2do8oe61-0wlp0j3.lock in Resources */,
				DCADEB1C2F5B6141004113B9 /* dep-graph.bin in Resources */,
				DCADEB1D2F5B6141004113B9 /* s-hg2do8x3ba-08shyqs.lock in Resources */,
				DCADEB1E2F5B6141004113B9 /* CACHEDIR.TAG in Resources */,
				DCADEB1F2F5B6141004113B9 /* lib-Backend in Resources */,
				DCADEB202F5B6141004113B9 /* test-lib-Backend in Resources */,
				DCADEB212F5B6141004113B9 /* invoked.timestamp in Resources */,
				DCADEB222F5B6141004113B9 /* libBackend-6448c8f08afe2c30.rmeta in Resources */,
				DCADEB232F5B6141004113B9 /* invoked.timestamp in Resources */,
				DCADEB242F5B6141004113B9 /* libBackend-f978ca5a183958f5.rmeta in Resources */,
				DCADEB252F5B6141004113B9 /* lib-Backend.json in Resources */,
				DCADEB262F5B6141004113B9 /* dep-graph.bin in Resources */,
				DCADEB272F5B6141004113B9 /* bin-Backend in Resources */,
				DCADEB282F5B6141004113B9 /* .cargo-lock in Resources */,
				DCADEB292F5B6141004113B9 /* dep-lib-Backend in Resources */,
				DCADEB2A2F5B6141004113B9 /* s-hg2do9kfnq-0j3ov5a.lock in Resources */,
				DCADEB2B2F5B6141004113B9 /* test-lib-Backend.json in Resources */,
				DCADEB2C2F5B6141004113B9 /* test-bin-Backend in Resources */,
				DCADEB2D2F5B6141004113B9 /* output-bin-Backend in Resources */,
				DCADEB2E2F5B6141004113B9 /* Cargo.lock in Resources */,
				DCADEB2F2F5B6141004113B9 /* test-bin-Backend.json in Resources */,
				DCADEB302F5B6141004113B9 /* query-cache.bin in Resources */,
				DCABF40E2F4C6BE3000FDF4E /* Asset.xcassets in Resources */,
			);
			runOnlyForDeploymentPostprocessing = 0;
		};
/* End PBXResourcesBuildPhase section */

/* Begin PBXSourcesBuildPhase section */
		DCABF38B2F4C6BBA000FDF4E /* Sources */ = {
			isa = PBXSourcesBuildPhase;
			buildActionMask = 2147483647;
			files = (
				DCABF3952F4C6BBA000FDF4E /* ContentView.swift in Sources */,
				DCABF3932F4C6BBA000FDF4E /* SafeMeshApp.swift in Sources */,
				DCABF3DD2F4C6BE3000FDF4E /* ConnectionStatusView.swift in Sources */,
				DCABF3DE2F4C6BE3000FDF4E /* AlertView.swift in Sources */,
				DCABF3DF2F4C6BE3000FDF4E /* Usage.swift in Sources */,
				DCABF3E02F4C6BE3000FDF4E /* SubscriptionViewModel.swift in Sources */,
				DCABF3E12F4C6BE3000FDF4E /* SettingsView.swift in Sources */,
				DCABF3E22F4C6BE3000FDF4E /* AuthViewModel.swift in Sources */,
				DCABF3E32F4C6BE3000FDF4E /* LoginView.swift in Sources */,
				DCABF3E42F4C6BE3000FDF4E /* ServerCard.swift in Sources */,
				DCABF3E52F4C6BE3000FDF4E /* OnboardingView.swift in Sources */,
				DCABF3E62F4C6BE3000FDF4E /* SubscriptionView.swift in Sources */,
				DCABF3E72F4C6BE3000FDF4E /* Configuration.swift in Sources */,
				DCABF3E82F4C6BE3000FDF4E /* VPNStatus.swift in Sources */,
				DCABF3E92F4C6BE3000FDF4E /* VPNServer.swift in Sources */,
				DCADEB312F5B6141004113B9 /* Backend-bc351bd4dfdaf330.d in Sources */,
				DCADEB322F5B6141004113B9 /* Backend-f978ca5a183958f5.d in Sources */,
				DCADEB332F5B6141004113B9 /* Backend-05fcd87594f41224.d in Sources */,
				DCADEB342F5B6141004113B9 /* Backend-6448c8f08afe2c30.d in Sources */,
				DCABF3EA2F4C6BE3000FDF4E /* StatusObserver.swift in Sources */,
				DCABF3EB2F4C6BE3000FDF4E /* PacketHandler.swift in Sources */,
				DCABF3EC2F4C6BE3000FDF4E /* Formatter.swift in Sources */,
				DCABF3ED2F4C6BE3000FDF4E /* Validator.swift in Sources */,
				DCABF3EE2F4C6BE3000FDF4E /* WireGuardTunnel.swift in Sources */,
				DCABF3EF2F4C6BE3000FDF4E /* MainTabView.swift in Sources */,
				DCABF3F02F4C6BE3000FDF4E /* LoadingView.swift in Sources */,
				DCABF3F12F4C6BE3000FDF4E /* SecureStorage.swift in Sources */,
				DCABF3F22F4C6BE3000FDF4E /* ConfigManager.swift in Sources */,
				DCABF3F32F4C6BE3000FDF4E /* PacketTunnelProvider.swift in Sources */,
				DCABF3F42F4C6BE3000FDF4E /* Theme.swift in Sources */,
				DCABF3F52F4C6BE3000FDF4E /* Constants.swift in Sources */,
				DCABF3F62F4C6BE3000FDF4E /* TunnelConfiguration.swift in Sources */,
				DCABF3F72F4C6BE3000FDF4E /* SettingsViewModel.swift in Sources */,
				DCABF3F82F4C6BE3000FDF4E /* ProfileViewModel.swift in Sources */,
				DCABF3F92F4C6BE3000FDF4E /* APIClient.swift in Sources */,
				DCABF3FA2F4C6BE3000FDF4E /* User.swift in Sources */,
				DCABF3FB2F4C6BE3000FDF4E /* IPCManager.swift in Sources */,
				DCABF3FC2F4C6BE3000FDF4E /* KeyManager.swift in Sources */,
				DCABF3FD2F4C6BE3000FDF4E /* PingIndicator.swift in Sources */,
				DCABF3FE2F4C6BE3000FDF4E /* ProfileView.swift in Sources */,
				DCABF3FF2F4C6BE3000FDF4E /* ConnectionButton.swift in Sources */,
				DCABF4002F4C6BE3000FDF4E /* VPNViewModel.swift in Sources */,
				DCABF4012F4C6BE3000FDF4E /* HomeView.swift in Sources */,
				DCABF4022F4C6BE3000FDF4E /* Logger.swift in Sources */,
				DCABF4032F4C6BE3000FDF4E /* ServerDetailView.swift in Sources */,
				DCABF4042F4C6BE3000FDF4E /* StatusIndicator.swift in Sources */,
				DCABF4052F4C6BE3000FDF4E /* VPNManager.swift in Sources */,
				DCABF4062F4C6BE3000FDF4E /* ServerListView.swift in Sources */,
				DCABF4072F4C6BE3000FDF4E /* Subscription.swift in Sources */,
				DCABF4092F4C6BE3000FDF4E /* ServerViewModel.swift in Sources */,
				DCABF40A2F4C6BE3000FDF4E /* Extensions.swift in Sources */,
				DCABF40B2F4C6BE3000FDF4E /* APIServer.swift in Sources */,
				DCABF40C2F4C6BE3000FDF4E /* CountryFlag.swift in Sources */,
			);
			runOnlyForDeploymentPostprocessing = 0;
		};
/* End PBXSourcesBuildPhase section */

/* Begin XCBuildConfiguration section */
		DCABF3982F4C6BBB000FDF4E /* Debug */ = {
			isa = XCBuildConfiguration;
			buildSettings = {
				ALWAYS_SEARCH_USER_PATHS = NO;
				ASSETCATALOG_COMPILER_GENERATE_SWIFT_ASSET_SYMBOL_EXTENSIONS = YES;
				CLANG_ANALYZER_NONNULL = YES;
				CLANG_ANALYZER_NUMBER_OBJECT_CONVERSION = YES_AGGRESSIVE;
				CLANG_CXX_LANGUAGE_STANDARD = "gnu++20";
				CLANG_ENABLE_MODULES = YES;
				CLANG_ENABLE_OBJC_ARC = YES;
				CLANG_ENABLE_OBJC_WEAK = YES;
				CLANG_WARN_BLOCK_CAPTURE_AUTORELEASING = YES;
				CLANG_WARN_BOOL_CONVERSION = YES;
				CLANG_WARN_COMMA = YES;
				CLANG_WARN_CONSTANT_CONVERSION = YES;
				CLANG_WARN_DEPRECATED_OBJC_IMPLEMENTATIONS = YES;
				CLANG_WARN_DIRECT_OBJC_ISA_USAGE = YES_ERROR;
				CLANG_WARN_DOCUMENTATION_COMMENTS = YES;
				CLANG_WARN_EMPTY_BODY = YES;
				CLANG_WARN_ENUM_CONVERSION = YES;
				CLANG_WARN_INFINITE_RECURSION = YES;
				CLANG_WARN_INT_CONVERSION = YES;
				CLANG_WARN_NON_LITERAL_NULL_CONVERSION = YES;
				CLANG_WARN_OBJC_IMPLICIT_RETAIN_SELF = YES;
				CLANG_WARN_OBJC_LITERAL_CONVERSION = YES;
				CLANG_WARN_OBJC_ROOT_CLASS = YES_ERROR;
				CLANG_WARN_QUOTED_INCLUDE_IN_FRAMEWORK_HEADER = YES;
				CLANG_WARN_RANGE_LOOP_ANALYSIS = YES;
				CLANG_WARN_STRICT_PROTOTYPES = YES;
				CLANG_WARN_SUSPICIOUS_MOVE = YES;
				CLANG_WARN_UNGUARDED_AVAILABILITY = YES_AGGRESSIVE;
				CLANG_WARN_UNREACHABLE_CODE = YES;
				CLANG_WARN__DUPLICATE_METHOD_MATCH = YES;
				COPY_PHASE_STRIP = NO;
				DEBUG_INFORMATION_FORMAT = dwarf;
				DEVELOPMENT_TEAM = LHG395YCPD;
				ENABLE_STRICT_OBJC_MSGSEND = YES;
				ENABLE_TESTABILITY = YES;
				ENABLE_USER_SCRIPT_SANDBOXING = YES;
				GCC_C_LANGUAGE_STANDARD = gnu17;
				GCC_DYNAMIC_NO_PIC = NO;
				GCC_NO_COMMON_BLOCKS = YES;
				GCC_OPTIMIZATION_LEVEL = 0;
				GCC_PREPROCESSOR_DEFINITIONS = (
					"DEBUG=1",
					"$(inherited)",
				);
				GCC_WARN_64_TO_32_BIT_CONVERSION = YES;
				GCC_WARN_ABOUT_RETURN_TYPE = YES_ERROR;
				GCC_WARN_UNDECLARED_SELECTOR = YES;
				GCC_WARN_UNINITIALIZED_AUTOS = YES_AGGRESSIVE;
				GCC_WARN_UNUSED_FUNCTION = YES;
				GCC_WARN_UNUSED_VARIABLE = YES;
				LOCALIZATION_PREFERS_STRING_CATALOGS = YES;
				MTL_ENABLE_DEBUG_INFO = INCLUDE_SOURCE;
				MTL_FAST_MATH = YES;
				ONLY_ACTIVE_ARCH = YES;
				SWIFT_ACTIVE_COMPILATION_CONDITIONS = "DEBUG $(inherited)";
				SWIFT_OPTIMIZATION_LEVEL = "-Onone";
			};
			name = Debug;
		};
		DCABF3992F4C6BBB000FDF4E /* Release */ = {
			isa = XCBuildConfiguration;
			buildSettings = {
				ALWAYS_SEARCH_USER_PATHS = NO;
				ASSETCATALOG_COMPILER_GENERATE_SWIFT_ASSET_SYMBOL_EXTENSIONS = YES;
				CLANG_ANALYZER_NONNULL = YES;
				CLANG_ANALYZER_NUMBER_OBJECT_CONVERSION = YES_AGGRESSIVE;
				CLANG_CXX_LANGUAGE_STANDARD = "gnu++20";
				CLANG_ENABLE_MODULES = YES;
				CLANG_ENABLE_OBJC_ARC = YES;
				CLANG_ENABLE_OBJC_WEAK = YES;
				CLANG_WARN_BLOCK_CAPTURE_AUTORELEASING = YES;
				CLANG_WARN_BOOL_CONVERSION = YES;
				CLANG_WARN_COMMA = YES;
				CLANG_WARN_CONSTANT_CONVERSION = YES;
				CLANG_WARN_DEPRECATED_OBJC_IMPLEMENTATIONS = YES;
				CLANG_WARN_DIRECT_OBJC_ISA_USAGE = YES_ERROR;
				CLANG_WARN_DOCUMENTATION_COMMENTS = YES;
				CLANG_WARN_EMPTY_BODY = YES;
				CLANG_WARN_ENUM_CONVERSION = YES;
				CLANG_WARN_INFINITE_RECURSION = YES;
				CLANG_WARN_INT_CONVERSION = YES;
				CLANG_WARN_NON_LITERAL_NULL_CONVERSION = YES;
				CLANG_WARN_OBJC_IMPLICIT_RETAIN_SELF = YES;
				CLANG_WARN_OBJC_LITERAL_CONVERSION = YES;
				CLANG_WARN_OBJC_ROOT_CLASS = YES_ERROR;
				CLANG_WARN_QUOTED_INCLUDE_IN_FRAMEWORK_HEADER = YES;
				CLANG_WARN_RANGE_LOOP_ANALYSIS = YES;
				CLANG_WARN_STRICT_PROTOTYPES = YES;
				CLANG_WARN_SUSPICIOUS_MOVE = YES;
				CLANG_WARN_UNGUARDED_AVAILABILITY = YES_AGGRESSIVE;
				CLANG_WARN_UNREACHABLE_CODE = YES;
				CLANG_WARN__DUPLICATE_METHOD_MATCH = YES;
				COPY_PHASE_STRIP = NO;
				DEBUG_INFORMATION_FORMAT = "dwarf-with-dsym";
				DEVELOPMENT_TEAM = LHG395YCPD;
				ENABLE_NS_ASSERTIONS = NO;
				ENABLE_STRICT_OBJC_MSGSEND = YES;
				ENABLE_USER_SCRIPT_SANDBOXING = YES;
				GCC_C_LANGUAGE_STANDARD = gnu17;
				GCC_NO_COMMON_BLOCKS = YES;
				GCC_WARN_64_TO_32_BIT_CONVERSION = YES;
				GCC_WARN_ABOUT_RETURN_TYPE = YES_ERROR;
				GCC_WARN_UNDECLARED_SELECTOR = YES;
				GCC_WARN_UNINITIALIZED_AUTOS = YES_AGGRESSIVE;
				GCC_WARN_UNUSED_FUNCTION = YES;
				GCC_WARN_UNUSED_VARIABLE = YES;
				LOCALIZATION_PREFERS_STRING_CATALOGS = YES;
				MTL_ENABLE_DEBUG_INFO = NO;
				MTL_FAST_MATH = YES;
				SWIFT_COMPILATION_MODE = wholemodule;
			};
			name = Release;
		};
		DCABF39B2F4C6BBB000FDF4E /* Debug */ = {
			isa = XCBuildConfiguration;
			buildSettings = {
				ASSETCATALOG_COMPILER_APPICON_NAME = AppIcon;
				ASSETCATALOG_COMPILER_GLOBAL_ACCENT_COLOR_NAME = AccentColor;
				CODE_SIGN_STYLE = Automatic;
				CURRENT_PROJECT_VERSION = 1;
				DEVELOPMENT_TEAM = LHG395YCPD;
				ENABLE_APP_SANDBOX = YES;
				ENABLE_HARDENED_RUNTIME = YES;
				ENABLE_PREVIEWS = YES;
				ENABLE_USER_SELECTED_FILES = readonly;
				GENERATE_INFOPLIST_FILE = YES;
				"INFOPLIST_KEY_UIApplicationSceneManifest_Generation[sdk=iphoneos*]" = YES;
				"INFOPLIST_KEY_UIApplicationSceneManifest_Generation[sdk=iphonesimulator*]" = YES;
				"INFOPLIST_KEY_UIApplicationSupportsIndirectInputEvents[sdk=iphoneos*]" = YES;
				"INFOPLIST_KEY_UIApplicationSupportsIndirectInputEvents[sdk=iphonesimulator*]" = YES;
				"INFOPLIST_KEY_UILaunchScreen_Generation[sdk=iphoneos*]" = YES;
				"INFOPLIST_KEY_UILaunchScreen_Generation[sdk=iphonesimulator*]" = YES;
				"INFOPLIST_KEY_UIStatusBarStyle[sdk=iphoneos*]" = UIStatusBarStyleDefault;
				"INFOPLIST_KEY_UIStatusBarStyle[sdk=iphonesimulator*]" = UIStatusBarStyleDefault;
				INFOPLIST_KEY_UISupportedInterfaceOrientations_iPad = "UIInterfaceOrientationPortrait UIInterfaceOrientationPortraitUpsideDown UIInterfaceOrientationLandscapeLeft UIInterfaceOrientationLandscapeRight";
				INFOPLIST_KEY_UISupportedInterfaceOrientations_iPhone = "UIInterfaceOrientationPortrait UIInterfaceOrientationLandscapeLeft UIInterfaceOrientationLandscapeRight";
				IPHONEOS_DEPLOYMENT_TARGET = 26.2;
				LD_RUNPATH_SEARCH_PATHS = "@executable_path/Frameworks";
				"LD_RUNPATH_SEARCH_PATHS[sdk=macosx*]" = "@executable_path/../Frameworks";
				MACOSX_DEPLOYMENT_TARGET = 26.2;
				MARKETING_VERSION = 1.0;
				PRODUCT_BUNDLE_IDENTIFIER = com.SafeMesh;
				PRODUCT_NAME = "$(TARGET_NAME)";
				REGISTER_APP_GROUPS = YES;
				SDKROOT = auto;
				STRING_CATALOG_GENERATE_SYMBOLS = YES;
				SUPPORTED_PLATFORMS = "iphoneos iphonesimulator macosx xros xrsimulator";
				SWIFT_APPROACHABLE_CONCURRENCY = YES;
				SWIFT_DEFAULT_ACTOR_ISOLATION = MainActor;
				SWIFT_EMIT_LOC_STRINGS = YES;
				SWIFT_UPCOMING_FEATURE_MEMBER_IMPORT_VISIBILITY = YES;
				SWIFT_VERSION = 5.0;
				TARGETED_DEVICE_FAMILY = "1,2,7";
				XROS_DEPLOYMENT_TARGET = 26.2;
			};
			name = Debug;
		};
		DCABF39C2F4C6BBB000FDF4E /* Release */ = {
			isa = XCBuildConfiguration;
			buildSettings = {
				ASSETCATALOG_COMPILER_APPICON_NAME = AppIcon;
				ASSETCATALOG_COMPILER_GLOBAL_ACCENT_COLOR_NAME = AccentColor;
				CODE_SIGN_STYLE = Automatic;
				CURRENT_PROJECT_VERSION = 1;
				DEVELOPMENT_TEAM = LHG395YCPD;
				ENABLE_APP_SANDBOX = YES;
				ENABLE_HARDENED_RUNTIME = YES;
				ENABLE_PREVIEWS = YES;
				ENABLE_USER_SELECTED_FILES = readonly;
				GENERATE_INFOPLIST_FILE = YES;
				"INFOPLIST_KEY_UIApplicationSceneManifest_Generation[sdk=iphoneos*]" = YES;
				"INFOPLIST_KEY_UIApplicationSceneManifest_Generation[sdk=iphonesimulator*]" = YES;
				"INFOPLIST_KEY_UIApplicationSupportsIndirectInputEvents[sdk=iphoneos*]" = YES;
				"INFOPLIST_KEY_UIApplicationSupportsIndirectInputEvents[sdk=iphonesimulator*]" = YES;
				"INFOPLIST_KEY_UILaunchScreen_Generation[sdk=iphoneos*]" = YES;
				"INFOPLIST_KEY_UILaunchScreen_Generation[sdk=iphonesimulator*]" = YES;
				"INFOPLIST_KEY_UIStatusBarStyle[sdk=iphoneos*]" = UIStatusBarStyleDefault;
				"INFOPLIST_KEY_UIStatusBarStyle[sdk=iphonesimulator*]" = UIStatusBarStyleDefault;
				INFOPLIST_KEY_UISupportedInterfaceOrientations_iPad = "UIInterfaceOrientationPortrait UIInterfaceOrientationPortraitUpsideDown UIInterfaceOrientationLandscapeLeft UIInterfaceOrientationLandscapeRight";
				INFOPLIST_KEY_UISupportedInterfaceOrientations_iPhone = "UIInterfaceOrientationPortrait UIInterfaceOrientationLandscapeLeft UIInterfaceOrientationLandscapeRight";
				IPHONEOS_DEPLOYMENT_TARGET = 26.2;
				LD_RUNPATH_SEARCH_PATHS = "@executable_path/Frameworks";
				"LD_RUNPATH_SEARCH_PATHS[sdk=macosx*]" = "@executable_path/../Frameworks";
				MACOSX_DEPLOYMENT_TARGET = 26.2;
				MARKETING_VERSION = 1.0;
				PRODUCT_BUNDLE_IDENTIFIER = com.SafeMesh;
				PRODUCT_NAME = "$(TARGET_NAME)";
				REGISTER_APP_GROUPS = YES;
				SDKROOT = auto;
				STRING_CATALOG_GENERATE_SYMBOLS = YES;
				SUPPORTED_PLATFORMS = "iphoneos iphonesimulator macosx xros xrsimulator";
				SWIFT_APPROACHABLE_CONCURRENCY = YES;
				SWIFT_DEFAULT_ACTOR_ISOLATION = MainActor;
				SWIFT_EMIT_LOC_STRINGS = YES;
				SWIFT_UPCOMING_FEATURE_MEMBER_IMPORT_VISIBILITY = YES;
				SWIFT_VERSION = 5.0;
				TARGETED_DEVICE_FAMILY = "1,2,7";
				XROS_DEPLOYMENT_TARGET = 26.2;
			};
			name = Release;
		};
/* End XCBuildConfiguration section */

/* Begin XCConfigurationList section */
		DCABF38A2F4C6BBA000FDF4E /* Build configuration list for PBXProject "SafeMesh" */ = {
			isa = XCConfigurationList;
			buildConfigurations = (
				DCABF3982F4C6BBB000FDF4E /* Debug */,
				DCABF3992F4C6BBB000FDF4E /* Release */,
			);
			defaultConfigurationIsVisible = 0;
			defaultConfigurationName = Release;
		};
		DCABF39A2F4C6BBB000FDF4E /* Build configuration list for PBXNativeTarget "SafeMesh" */ = {
			isa = XCConfigurationList;
			buildConfigurations = (
				DCABF39B2F4C6BBB000FDF4E /* Debug */,
				DCABF39C2F4C6BBB000FDF4E /* Release */,
			);
			defaultConfigurationIsVisible = 0;
			defaultConfigurationName = Release;
		};
/* End XCConfigurationList section */
	};
	rootObject = DCABF3872F4C6BBA000FDF4E /* Project object */;
}
